// !$*UTF8*$!
{
	archiveVersion = 1;
	classes = {
	};
	objectVersion = 56;
	objects = {

/* Begin PBXBuildFile section */
		097D4BCC2AD90C0300D532F6 /* CMDesignerProfileView.swift in Sources */ = {isa = PBXBuildFile; fileRef = 097D4BCB2AD90C0200D532F6 /* CMDesignerProfileView.swift */; };
		097EAD332AD03FC70037B848 /* CMLikedPostListViewModel.swift in Sources */ = {isa = PBXBuildFile; fileRef = 097EAD322AD03FC70037B848 /* CMLikedPostListViewModel.swift */; };
		097EAD352AD040CA0037B848 /* CMHomeCellViewModel.swift in Sources */ = {isa = PBXBuildFile; fileRef = 097EAD342AD040CA0037B848 /* CMHomeCellViewModel.swift */; };
		0990A4332AE4DEC6006B4DC2 /* CMDesignerReviewDetailView.swift in Sources */ = {isa = PBXBuildFile; fileRef = 0990A4322AE4DEC6006B4DC2 /* CMDesignerReviewDetailView.swift */; };
		09CA54B02AD661F300796113 /* CMSearchViewModel.swift in Sources */ = {isa = PBXBuildFile; fileRef = 09CA54AF2AD661F300796113 /* CMSearchViewModel.swift */; };
		09CDA90D2AE3CB25009FB75C /* CMDesignerProfileViewModel.swift in Sources */ = {isa = PBXBuildFile; fileRef = 09CDA90C2AE3CB25009FB75C /* CMDesignerProfileViewModel.swift */; };
		09CDA9112AE41328009FB75C /* CMDesignerProfilePostView.swift in Sources */ = {isa = PBXBuildFile; fileRef = 09CDA9102AE41327009FB75C /* CMDesignerProfilePostView.swift */; };
		09CDA9132AE4133A009FB75C /* CMDesignerProfileReviewView.swift in Sources */ = {isa = PBXBuildFile; fileRef = 09CDA9122AE4133A009FB75C /* CMDesignerProfileReviewView.swift */; };
		1D12F9A32AC5569F001219E8 /* DMEditPostView.swift in Sources */ = {isa = PBXBuildFile; fileRef = 1D12F9A22AC5569F001219E8 /* DMEditPostView.swift */; };
		1D63595D2ACEED0A00FBD37B /* DMProfileViewModel.swift in Sources */ = {isa = PBXBuildFile; fileRef = 1D63595C2ACEED0A00FBD37B /* DMProfileViewModel.swift */; };
		1D9067172AC150D60028A660 /* DmDesignerModels.swift in Sources */ = {isa = PBXBuildFile; fileRef = 1D9067162AC150D60028A660 /* DmDesignerModels.swift */; };
		1D9067192AC151A80028A660 /* AsnycCacheImage.swift in Sources */ = {isa = PBXBuildFile; fileRef = 1D9067182AC151A80028A660 /* AsnycCacheImage.swift */; };
		1D90671D2AC176020028A660 /* DMPostViewModel.swift in Sources */ = {isa = PBXBuildFile; fileRef = 1D90671C2AC176020028A660 /* DMPostViewModel.swift */; };
		1D9067212AC1F61D0028A660 /* DMGridView.swift in Sources */ = {isa = PBXBuildFile; fileRef = 1D9067202AC1F61D0028A660 /* DMGridView.swift */; };
		1D9109B92AE75E5100099667 /* GoogleService-Info.plist in Resources */ = {isa = PBXBuildFile; fileRef = 1D9109B82AE75E5100099667 /* GoogleService-Info.plist */; };
		1DA52F562AC2CB69002E0D75 /* DMNewPostView.swift in Sources */ = {isa = PBXBuildFile; fileRef = 1DA52F552AC2CB69002E0D75 /* DMNewPostView.swift */; };
		1DD969A12ACFFD9A000AD7D2 /* AddDesignerDataView.swift in Sources */ = {isa = PBXBuildFile; fileRef = 1DD969A02ACFFD9A000AD7D2 /* AddDesignerDataView.swift */; };
		2F0A21912ACE753F0070CA42 /* CMProfileViewModel.swift in Sources */ = {isa = PBXBuildFile; fileRef = 2F0A21902ACE753F0070CA42 /* CMProfileViewModel.swift */; };
		2F0A21932ACFD4B00070CA42 /* Review.swift in Sources */ = {isa = PBXBuildFile; fileRef = 2F0A21922ACFD4B00070CA42 /* Review.swift */; };
		2F0A21952ACFD8950070CA42 /* CMReviewViewModel.swift in Sources */ = {isa = PBXBuildFile; fileRef = 2F0A21942ACFD8950070CA42 /* CMReviewViewModel.swift */; };
		2F45A1282AD2739C005018A5 /* Color.swift in Sources */ = {isa = PBXBuildFile; fileRef = 2F45A1272AD2739C005018A5 /* Color.swift */; };
		2F6363E92AD542AA00E980F8 /* PhotoPicker.swift in Sources */ = {isa = PBXBuildFile; fileRef = 2F6363E82AD542AA00E980F8 /* PhotoPicker.swift */; };
		2F65BB9E2AE6CBE400D84D37 /* CMHistoryViewModel.swift in Sources */ = {isa = PBXBuildFile; fileRef = 2F65BB9D2AE6CBE400D84D37 /* CMHistoryViewModel.swift */; };
		2F65BBA02AE6CE8000D84D37 /* CMHistoryCellView.swift in Sources */ = {isa = PBXBuildFile; fileRef = 2F65BB9F2AE6CE8000D84D37 /* CMHistoryCellView.swift */; };
		2F65BBA52AE7E25A00D84D37 /* CMReviewDetailView.swift in Sources */ = {isa = PBXBuildFile; fileRef = 2F65BBA42AE7E25A00D84D37 /* CMReviewDetailView.swift */; };
		2F65BBA72AE7F6FE00D84D37 /* MapMarker.swift in Sources */ = {isa = PBXBuildFile; fileRef = 2F65BBA62AE7F6FE00D84D37 /* MapMarker.swift */; };
		2F7B60652ADFAF2B00EF1B96 /* CMCustomTextArea.swift in Sources */ = {isa = PBXBuildFile; fileRef = 2F7B60642ADFAF2B00EF1B96 /* CMCustomTextArea.swift */; };
		2F8F1B9A2AE4F652002FD403 /* DMCustomTextField.swift in Sources */ = {isa = PBXBuildFile; fileRef = 2F8F1B992AE4F652002FD403 /* DMCustomTextField.swift */; };
		2F8F1B9C2AE532B9002FD403 /* LocationManager.swift in Sources */ = {isa = PBXBuildFile; fileRef = 2F8F1B9B2AE532B9002FD403 /* LocationManager.swift */; };
		2FA36FFE2AD93C1F00E750B0 /* CMReservationInfoView.swift in Sources */ = {isa = PBXBuildFile; fileRef = 2FA36FFD2AD93C1F00E750B0 /* CMReservationInfoView.swift */; };
		2FA370002AD945A000E750B0 /* PhotoSelectionView.swift in Sources */ = {isa = PBXBuildFile; fileRef = 2FA36FFF2AD945A000E750B0 /* PhotoSelectionView.swift */; };
		2FC888982AE240200096ED82 /* LICENSE.txt in Resources */ = {isa = PBXBuildFile; fileRef = 2FC888972AE240200096ED82 /* LICENSE.txt */; };
		2FE6BD042AE692C70040D1A1 /* Marker.swift in Sources */ = {isa = PBXBuildFile; fileRef = 2FE6BD032AE692C70040D1A1 /* Marker.swift */; };
		3B0E1CD62AE2340700145563 /* UnReadCountCircle.swift in Sources */ = {isa = PBXBuildFile; fileRef = 3B0E1CD52AE2340700145563 /* UnReadCountCircle.swift */; };
		3B2442F52ADE5CF7005D3021 /* StarScoreView.swift in Sources */ = {isa = PBXBuildFile; fileRef = 3B2442F42ADE5CF7005D3021 /* StarScoreView.swift */; };
		3B517D482ACE46420082E2F6 /* ConsultationViewModel.swift in Sources */ = {isa = PBXBuildFile; fileRef = 3B517D472ACE46420082E2F6 /* ConsultationViewModel.swift */; };
		3B6346DC2AD8DDD300D3D110 /* NSCacheManager.swift in Sources */ = {isa = PBXBuildFile; fileRef = 3B6346DB2AD8DDD300D3D110 /* NSCacheManager.swift */; };
		3B6346DE2AD9004600D3D110 /* ChatListUserInfo.swift in Sources */ = {isa = PBXBuildFile; fileRef = 3B6346DD2AD9004600D3D110 /* ChatListUserInfo.swift */; };
		3BA51B6B2AD53212009D7902 /* FirebaseDateFomatManager.swift in Sources */ = {isa = PBXBuildFile; fileRef = 3BA51B6A2AD53212009D7902 /* FirebaseDateFomatManager.swift */; };
		3BA862E12ADF96D500385507 /* DMShopEditView.swift in Sources */ = {isa = PBXBuildFile; fileRef = 3BA862E02ADF96D500385507 /* DMShopEditView.swift */; };
		3BAB00EB2ACD92D6009053A4 /* DMAccount.swift in Sources */ = {isa = PBXBuildFile; fileRef = 3BAB00EA2ACD92D5009053A4 /* DMAccount.swift */; };
		3BAB00F12ACD948C009053A4 /* DMExpandableText.swift in Sources */ = {isa = PBXBuildFile; fileRef = 3BAB00F02ACD948B009053A4 /* DMExpandableText.swift */; };
		3BAB00F32ACD97EB009053A4 /* ReservationSDetail.swift in Sources */ = {isa = PBXBuildFile; fileRef = 3BAB00F22ACD97EA009053A4 /* ReservationSDetail.swift */; };
		3BC8CF142ACF12D500264547 /* ChatRoomSheetView.swift in Sources */ = {isa = PBXBuildFile; fileRef = 3BC8CF132ACF12D500264547 /* ChatRoomSheetView.swift */; };
		3BCF2C1F2ACD3E73009C18C2 /* ChattingListRoomViewModel.swift in Sources */ = {isa = PBXBuildFile; fileRef = 3BCF2C072ACD3E72009C18C2 /* ChattingListRoomViewModel.swift */; };
		3BCF2C252ACD3E73009C18C2 /* ChatRoom.swift in Sources */ = {isa = PBXBuildFile; fileRef = 3BCF2C0F2ACD3E72009C18C2 /* ChatRoom.swift */; };
		3BCF2C262ACD3E73009C18C2 /* MessageType.swift in Sources */ = {isa = PBXBuildFile; fileRef = 3BCF2C102ACD3E72009C18C2 /* MessageType.swift */; };
		3BCF2C272ACD3E73009C18C2 /* CommonBubble.swift in Sources */ = {isa = PBXBuildFile; fileRef = 3BCF2C112ACD3E72009C18C2 /* CommonBubble.swift */; };
		3BCF2C282ACD3E73009C18C2 /* ChatBubbleModifier.swift in Sources */ = {isa = PBXBuildFile; fileRef = 3BCF2C152ACD3E72009C18C2 /* ChatBubbleModifier.swift */; };
		3BCF2C292ACD3E73009C18C2 /* BoardBubbleCell.swift in Sources */ = {isa = PBXBuildFile; fileRef = 3BCF2C162ACD3E72009C18C2 /* BoardBubbleCell.swift */; };
		3BCF2C2A2ACD3E73009C18C2 /* ChatRoomView.swift in Sources */ = {isa = PBXBuildFile; fileRef = 3BCF2C172ACD3E72009C18C2 /* ChatRoomView.swift */; };
		3BCF2C2B2ACD3E73009C18C2 /* ChattingListRoomView.swift in Sources */ = {isa = PBXBuildFile; fileRef = 3BCF2C182ACD3E72009C18C2 /* ChattingListRoomView.swift */; };
		3BCF2C2C2ACD3E73009C18C2 /* BubbleCell.swift in Sources */ = {isa = PBXBuildFile; fileRef = 3BCF2C192ACD3E72009C18C2 /* BubbleCell.swift */; };
		3BCF2C2E2ACD3E73009C18C2 /* ChatUtilityMenuView.swift in Sources */ = {isa = PBXBuildFile; fileRef = 3BCF2C1B2ACD3E72009C18C2 /* ChatUtilityMenuView.swift */; };
		3BCF2C2F2ACD3E73009C18C2 /* ImageBubbleCell.swift in Sources */ = {isa = PBXBuildFile; fileRef = 3BCF2C1C2ACD3E72009C18C2 /* ImageBubbleCell.swift */; };
		3BCF2C332ACD3F6A009C18C2 /* ChattingViewModel.swift in Sources */ = {isa = PBXBuildFile; fileRef = 3BCF2C322ACD3F69009C18C2 /* ChattingViewModel.swift */; };
		3BCF2C692ACD4248009C18C2 /* PostDetailViewModel.swift in Sources */ = {isa = PBXBuildFile; fileRef = 3BCF2C382ACD4247009C18C2 /* PostDetailViewModel.swift */; };
		3BCF2C6A2ACD4248009C18C2 /* CMPostViewModel.swift in Sources */ = {isa = PBXBuildFile; fileRef = 3BCF2C392ACD4247009C18C2 /* CMPostViewModel.swift */; };
		3BCF2C6B2ACD4248009C18C2 /* Client.swift in Sources */ = {isa = PBXBuildFile; fileRef = 3BCF2C3B2ACD4247009C18C2 /* Client.swift */; };
		3BCF2C6C2ACD4248009C18C2 /* Keyword.swift in Sources */ = {isa = PBXBuildFile; fileRef = 3BCF2C3C2ACD4247009C18C2 /* Keyword.swift */; };
		3BCF2C6D2ACD4248009C18C2 /* CMReviewSelectPhotosView.swift in Sources */ = {isa = PBXBuildFile; fileRef = 3BCF2C3F2ACD4247009C18C2 /* CMReviewSelectPhotosView.swift */; };
		3BCF2C6F2ACD4248009C18C2 /* CMReviewWriteContentView.swift in Sources */ = {isa = PBXBuildFile; fileRef = 3BCF2C412ACD4247009C18C2 /* CMReviewWriteContentView.swift */; };
		3BCF2C702ACD4248009C18C2 /* CMReviewGiveScoreView.swift in Sources */ = {isa = PBXBuildFile; fileRef = 3BCF2C422ACD4247009C18C2 /* CMReviewGiveScoreView.swift */; };
		3BCF2C712ACD4248009C18C2 /* CMNewReviewView.swift in Sources */ = {isa = PBXBuildFile; fileRef = 3BCF2C432ACD4247009C18C2 /* CMNewReviewView.swift */; };
		3BCF2C722ACD4248009C18C2 /* CMReviewSelectKeywordsView.swift in Sources */ = {isa = PBXBuildFile; fileRef = 3BCF2C442ACD4247009C18C2 /* CMReviewSelectKeywordsView.swift */; };
		3BCF2C732ACD4248009C18C2 /* CMUpcomingReservationListView.swift in Sources */ = {isa = PBXBuildFile; fileRef = 3BCF2C462ACD4247009C18C2 /* CMUpcomingReservationListView.swift */; };
		3BCF2C742ACD4248009C18C2 /* CMLastReservationListView.swift in Sources */ = {isa = PBXBuildFile; fileRef = 3BCF2C472ACD4247009C18C2 /* CMLastReservationListView.swift */; };
		3BCF2C752ACD4248009C18C2 /* CMReservationHistoryView.swift in Sources */ = {isa = PBXBuildFile; fileRef = 3BCF2C482ACD4247009C18C2 /* CMReservationHistoryView.swift */; };
		3BCF2C762ACD4248009C18C2 /* CMReservationDateTimeView.swift in Sources */ = {isa = PBXBuildFile; fileRef = 3BCF2C492ACD4247009C18C2 /* CMReservationDateTimeView.swift */; };
		3BCF2C772ACD4248009C18C2 /* CMReservationHistoryDetailView.swift in Sources */ = {isa = PBXBuildFile; fileRef = 3BCF2C4A2ACD4247009C18C2 /* CMReservationHistoryDetailView.swift */; };
		3BCF2C782ACD4248009C18C2 /* CMReservationCancelView.swift in Sources */ = {isa = PBXBuildFile; fileRef = 3BCF2C4B2ACD4247009C18C2 /* CMReservationCancelView.swift */; };
		3BCF2C792ACD4248009C18C2 /* CMReservationView.swift in Sources */ = {isa = PBXBuildFile; fileRef = 3BCF2C4C2ACD4247009C18C2 /* CMReservationView.swift */; };
		3BCF2C7C2ACD4248009C18C2 /* CMPostDetailView.swift in Sources */ = {isa = PBXBuildFile; fileRef = 3BCF2C502ACD4247009C18C2 /* CMPostDetailView.swift */; };
		3BCF2C7D2ACD4248009C18C2 /* CMHomeCellView.swift in Sources */ = {isa = PBXBuildFile; fileRef = 3BCF2C512ACD4247009C18C2 /* CMHomeCellView.swift */; };
		3BCF2C7E2ACD4248009C18C2 /* CMSearchView.swift in Sources */ = {isa = PBXBuildFile; fileRef = 3BCF2C522ACD4247009C18C2 /* CMSearchView.swift */; };
		3BCF2C802ACD4248009C18C2 /* CMHomeView.swift in Sources */ = {isa = PBXBuildFile; fileRef = 3BCF2C542ACD4247009C18C2 /* CMHomeView.swift */; };
		3BCF2C812ACD4248009C18C2 /* CMFollowingPostView.swift in Sources */ = {isa = PBXBuildFile; fileRef = 3BCF2C552ACD4248009C18C2 /* CMFollowingPostView.swift */; };
		3BCF2C822ACD4248009C18C2 /* CMRecommendPostView.swift in Sources */ = {isa = PBXBuildFile; fileRef = 3BCF2C562ACD4248009C18C2 /* CMRecommendPostView.swift */; };
		3BCF2C842ACD4248009C18C2 /* CMMainChattingView.swift in Sources */ = {isa = PBXBuildFile; fileRef = 3BCF2C5A2ACD4248009C18C2 /* CMMainChattingView.swift */; };
		3BCF2C852ACD4248009C18C2 /* ClientMainTabView.swift in Sources */ = {isa = PBXBuildFile; fileRef = 3BCF2C5B2ACD4248009C18C2 /* ClientMainTabView.swift */; };
		3BCF2C862ACD4248009C18C2 /* CMLikePostListView.swift in Sources */ = {isa = PBXBuildFile; fileRef = 3BCF2C5D2ACD4248009C18C2 /* CMLikePostListView.swift */; };
		3BCF2C872ACD4248009C18C2 /* CMAccountInfoEditView.swift in Sources */ = {isa = PBXBuildFile; fileRef = 3BCF2C5F2ACD4248009C18C2 /* CMAccountInfoEditView.swift */; };
		3BCF2C882ACD4248009C18C2 /* CMProfileEditView.swift in Sources */ = {isa = PBXBuildFile; fileRef = 3BCF2C602ACD4248009C18C2 /* CMProfileEditView.swift */; };
		3BCF2C892ACD4248009C18C2 /* CMCustomTextField.swift in Sources */ = {isa = PBXBuildFile; fileRef = 3BCF2C612ACD4248009C18C2 /* CMCustomTextField.swift */; };
		3BCF2C8A2ACD4248009C18C2 /* CMClientInfoEditView.swift in Sources */ = {isa = PBXBuildFile; fileRef = 3BCF2C622ACD4248009C18C2 /* CMClientInfoEditView.swift */; };
		3BCF2C8B2ACD4248009C18C2 /* CMSegmentedControl.swift in Sources */ = {isa = PBXBuildFile; fileRef = 3BCF2C632ACD4248009C18C2 /* CMSegmentedControl.swift */; };
		3BCF2C8C2ACD4248009C18C2 /* CMFollowingListView.swift in Sources */ = {isa = PBXBuildFile; fileRef = 3BCF2C642ACD4248009C18C2 /* CMFollowingListView.swift */; };
		3BCF2C8D2ACD4248009C18C2 /* CMReviewListView.swift in Sources */ = {isa = PBXBuildFile; fileRef = 3BCF2C652ACD4248009C18C2 /* CMReviewListView.swift */; };
		3BCF2C8F2ACD4248009C18C2 /* CMSettingsView.swift in Sources */ = {isa = PBXBuildFile; fileRef = 3BCF2C672ACD4248009C18C2 /* CMSettingsView.swift */; };
		3BCF2C902ACD4248009C18C2 /* CMProfileView.swift in Sources */ = {isa = PBXBuildFile; fileRef = 3BCF2C682ACD4248009C18C2 /* CMProfileView.swift */; };
		630D67A92AFCAA300070C149 /* .swiftlint.yml in Resources */ = {isa = PBXBuildFile; fileRef = 630D67A82AFCAA300070C149 /* .swiftlint.yml */; };
		639DB6372AC10E44002692E5 /* FirebaseAuth in Frameworks */ = {isa = PBXBuildFile; productRef = 639DB6362AC10E44002692E5 /* FirebaseAuth */; };
		639DB63F2AC10E44002692E5 /* FirebaseDatabaseSwift in Frameworks */ = {isa = PBXBuildFile; productRef = 639DB63E2AC10E44002692E5 /* FirebaseDatabaseSwift */; };
		639DB6432AC10E44002692E5 /* FirebaseFirestore in Frameworks */ = {isa = PBXBuildFile; productRef = 639DB6422AC10E44002692E5 /* FirebaseFirestore */; };
		639DB6472AC10E44002692E5 /* FirebaseFirestoreSwift in Frameworks */ = {isa = PBXBuildFile; productRef = 639DB6462AC10E44002692E5 /* FirebaseFirestoreSwift */; };
		639DB65D2AC10E44002692E5 /* FirebaseStorage in Frameworks */ = {isa = PBXBuildFile; productRef = 639DB65C2AC10E44002692E5 /* FirebaseStorage */; };
		639DB6612AC10F13002692E5 /* DesignerMainTabView.swift in Sources */ = {isa = PBXBuildFile; fileRef = 639DB6602AC10F13002692E5 /* DesignerMainTabView.swift */; };
		639DB67E2AC11AF5002692E5 /* DMProfileView.swift in Sources */ = {isa = PBXBuildFile; fileRef = 639DB67D2AC11AF5002692E5 /* DMProfileView.swift */; };
		639DB6812AC11B21002692E5 /* DMMainChattingView.swift in Sources */ = {isa = PBXBuildFile; fileRef = 639DB6802AC11B21002692E5 /* DMMainChattingView.swift */; };
		639DB6872AC11B56002692E5 /* DMPostView.swift in Sources */ = {isa = PBXBuildFile; fileRef = 639DB6862AC11B56002692E5 /* DMPostView.swift */; };
		63A888282ADF9A5A00790EBA /* DateDeviderCell.swift in Sources */ = {isa = PBXBuildFile; fileRef = 63A888272ADF9A5A00790EBA /* DateDeviderCell.swift */; };
		63CD89B12ABD85C300E70A56 /* YeDiApp.swift in Sources */ = {isa = PBXBuildFile; fileRef = 63CD89B02ABD85C300E70A56 /* YeDiApp.swift */; };
		63CD89B32ABD85C300E70A56 /* ContentView.swift in Sources */ = {isa = PBXBuildFile; fileRef = 63CD89B22ABD85C300E70A56 /* ContentView.swift */; };
		63CD89B52ABD85C500E70A56 /* Assets.xcassets in Resources */ = {isa = PBXBuildFile; fileRef = 63CD89B42ABD85C500E70A56 /* Assets.xcassets */; };
		63CD89B82ABD85C500E70A56 /* Preview Assets.xcassets in Resources */ = {isa = PBXBuildFile; fileRef = 63CD89B72ABD85C500E70A56 /* Preview Assets.xcassets */; };
		9615C78A2AD6A1D600DD4F37 /* HCustomCalendar.swift in Sources */ = {isa = PBXBuildFile; fileRef = 9615C7892AD6A1D600DD4F37 /* HCustomCalendar.swift */; };
		9615C78C2AD6A2FE00DD4F37 /* DMReviewView.swift in Sources */ = {isa = PBXBuildFile; fileRef = 9615C78B2AD6A2FD00DD4F37 /* DMReviewView.swift */; };
		9615C78E2AD6A30A00DD4F37 /* DMReviewDetailView.swift in Sources */ = {isa = PBXBuildFile; fileRef = 9615C78D2AD6A30A00DD4F37 /* DMReviewDetailView.swift */; };
		9615C7902AD6A31D00DD4F37 /* DMReviewViewModel.swift in Sources */ = {isa = PBXBuildFile; fileRef = 9615C78F2AD6A31D00DD4F37 /* DMReviewViewModel.swift */; };
		965ECCF02AD93EEB00BC0D41 /* DMDesignerInfoEditView.swift in Sources */ = {isa = PBXBuildFile; fileRef = 965ECCED2AD93EEB00BC0D41 /* DMDesignerInfoEditView.swift */; };
		965ECCF12AD93EEB00BC0D41 /* DMProfileEditView.swift in Sources */ = {isa = PBXBuildFile; fileRef = 965ECCEE2AD93EEB00BC0D41 /* DMProfileEditView.swift */; };
		965ECCF22AD93EEB00BC0D41 /* DMAccountInfoEditView.swift in Sources */ = {isa = PBXBuildFile; fileRef = 965ECCEF2AD93EEB00BC0D41 /* DMAccountInfoEditView.swift */; };
		9666A21B2ACDBB6D0081C711 /* TimeSettingDetail.swift in Sources */ = {isa = PBXBuildFile; fileRef = 9666A21A2ACDBB6D0081C711 /* TimeSettingDetail.swift */; };
		9691C5D02ADE549600434377 /* FirebaseDatabase in Frameworks */ = {isa = PBXBuildFile; productRef = 9691C5CF2ADE549600434377 /* FirebaseDatabase */; };
		9691C5D22ADE552100434377 /* CustomCalender.swift in Sources */ = {isa = PBXBuildFile; fileRef = 9691C5D12ADE552100434377 /* CustomCalender.swift */; };
		9691C5D42ADE554300434377 /* ClosedDaySettingVM.swift in Sources */ = {isa = PBXBuildFile; fileRef = 9691C5D32ADE554300434377 /* ClosedDaySettingVM.swift */; };
		9691C5D62ADE554A00434377 /* BreakTimeSettingVM.swift in Sources */ = {isa = PBXBuildFile; fileRef = 9691C5D52ADE554A00434377 /* BreakTimeSettingVM.swift */; };
		96CBD4022AC3B0250055CC7F /* ReservationDetail.swift in Sources */ = {isa = PBXBuildFile; fileRef = 96CBD4012AC3B0250055CC7F /* ReservationDetail.swift */; };
		96CBD4062AC40AF50055CC7F /* WkDaySettingDetail.swift in Sources */ = {isa = PBXBuildFile; fileRef = 96CBD4052AC40AF50055CC7F /* WkDaySettingDetail.swift */; };
		96D8753D2AE0CEED00F35226 /* DMReservationVM.swift in Sources */ = {isa = PBXBuildFile; fileRef = 96D8753C2AE0CEED00F35226 /* DMReservationVM.swift */; };
		96F637DB2AC2AA1200EF74FF /* ReservationView.swift in Sources */ = {isa = PBXBuildFile; fileRef = 96F637DA2AC2AA1200EF74FF /* ReservationView.swift */; };
		D88AB09F2AE7A0C50059D10F /* CMFollowingListButtonView.swift in Sources */ = {isa = PBXBuildFile; fileRef = D88AB09E2AE7A0C50059D10F /* CMFollowingListButtonView.swift */; };
		D88AB0A02AE7A3360059D10F /* CMPostDetailContentView.swift in Sources */ = {isa = PBXBuildFile; fileRef = 3BCF2C532ACD4247009C18C2 /* CMPostDetailContentView.swift */; };
		D89971292ADFC51B00FBF031 /* CMSelectStyleView.swift in Sources */ = {isa = PBXBuildFile; fileRef = D89971282ADFC51B00FBF031 /* CMSelectStyleView.swift */; };
		D899712B2AE107D100FBF031 /* CMReservationViewModel.swift in Sources */ = {isa = PBXBuildFile; fileRef = D899712A2AE107D100FBF031 /* CMReservationViewModel.swift */; };
		D899712D2AE107FC00FBF031 /* Reservation.swift in Sources */ = {isa = PBXBuildFile; fileRef = D899712C2AE107FC00FBF031 /* Reservation.swift */; };
		D8E87D502AE4CC7C00DC9FF4 /* CMReservationCheckView.swift in Sources */ = {isa = PBXBuildFile; fileRef = D8E87D4F2AE4CC7C00DC9FF4 /* CMReservationCheckView.swift */; };
		D8E87D522AE5C53300DC9FF4 /* NavigationState.swift in Sources */ = {isa = PBXBuildFile; fileRef = D8E87D512AE5C53300DC9FF4 /* NavigationState.swift */; };
		DC7695462AD0888800D2FB69 /* AuthHomeView.swift in Sources */ = {isa = PBXBuildFile; fileRef = DC7695422AD0888800D2FB69 /* AuthHomeView.swift */; };
		DC7695472AD0888800D2FB69 /* AuthModifier.swift in Sources */ = {isa = PBXBuildFile; fileRef = DC7695442AD0888800D2FB69 /* AuthModifier.swift */; };
		DC7695482AD0888800D2FB69 /* LoginView.swift in Sources */ = {isa = PBXBuildFile; fileRef = DC7695452AD0888800D2FB69 /* LoginView.swift */; };
		DC76954F2AD088DB00D2FB69 /* AuthViewModel.swift in Sources */ = {isa = PBXBuildFile; fileRef = DC76954E2AD088DB00D2FB69 /* AuthViewModel.swift */; };
		DC7695532AD08A3600D2FB69 /* RegisterView.swift in Sources */ = {isa = PBXBuildFile; fileRef = DC7695522AD08A3600D2FB69 /* RegisterView.swift */; };
		DC7695B32ADC007900D2FB69 /* ResetPasswordView.swift in Sources */ = {isa = PBXBuildFile; fileRef = DC7695B22ADC007900D2FB69 /* ResetPasswordView.swift */; };
		DC7695B92ADCD56A00D2FB69 /* AuthRegex.swift in Sources */ = {isa = PBXBuildFile; fileRef = DC7695B82ADCD56A00D2FB69 /* AuthRegex.swift */; };
		DC7695BD2ADCF1CA00D2FB69 /* View.swift in Sources */ = {isa = PBXBuildFile; fileRef = DC7695BC2ADCF1CA00D2FB69 /* View.swift */; };
		DC7695C12ADCFBED00D2FB69 /* DismissButton.swift in Sources */ = {isa = PBXBuildFile; fileRef = DC7695C02ADCFBED00D2FB69 /* DismissButton.swift */; };
		DC7695C52ADD0E0B00D2FB69 /* CapsuleButton.swift in Sources */ = {isa = PBXBuildFile; fileRef = DC7695C42ADD0E0B00D2FB69 /* CapsuleButton.swift */; };
		DC7695C92ADD119D00D2FB69 /* ButtonModifier.swift in Sources */ = {isa = PBXBuildFile; fileRef = DC7695C82ADD119D00D2FB69 /* ButtonModifier.swift */; };
		DC7695CF2ADF1DC800D2FB69 /* TextFieldModifier.swift in Sources */ = {isa = PBXBuildFile; fileRef = DC7695CE2ADF1DC800D2FB69 /* TextFieldModifier.swift */; };
		DC94ED592ADFDA540052AD6E /* TextAreaModifier.swift in Sources */ = {isa = PBXBuildFile; fileRef = DC94ED582ADFDA540052AD6E /* TextAreaModifier.swift */; };
		DC94ED732AE3B86A0052AD6E /* YdIconView.swift in Sources */ = {isa = PBXBuildFile; fileRef = DC94ED722AE3B86A0052AD6E /* YdIconView.swift */; };
		DCD00D062AE5017400B44B89 /* DMPostDetailView.swift in Sources */ = {isa = PBXBuildFile; fileRef = DCD00D052AE5017400B44B89 /* DMPostDetailView.swift */; };
/* End PBXBuildFile section */

/* Begin PBXFileReference section */
		097D4BCB2AD90C0200D532F6 /* CMDesignerProfileView.swift */ = {isa = PBXFileReference; lastKnownFileType = sourcecode.swift; path = CMDesignerProfileView.swift; sourceTree = "<group>"; };
		097EAD322AD03FC70037B848 /* CMLikedPostListViewModel.swift */ = {isa = PBXFileReference; lastKnownFileType = sourcecode.swift; path = CMLikedPostListViewModel.swift; sourceTree = "<group>"; };
		097EAD342AD040CA0037B848 /* CMHomeCellViewModel.swift */ = {isa = PBXFileReference; lastKnownFileType = sourcecode.swift; path = CMHomeCellViewModel.swift; sourceTree = "<group>"; };
		0990A4322AE4DEC6006B4DC2 /* CMDesignerReviewDetailView.swift */ = {isa = PBXFileReference; lastKnownFileType = sourcecode.swift; path = CMDesignerReviewDetailView.swift; sourceTree = "<group>"; };
		09CA54AF2AD661F300796113 /* CMSearchViewModel.swift */ = {isa = PBXFileReference; lastKnownFileType = sourcecode.swift; path = CMSearchViewModel.swift; sourceTree = "<group>"; };
		09CDA90C2AE3CB25009FB75C /* CMDesignerProfileViewModel.swift */ = {isa = PBXFileReference; lastKnownFileType = sourcecode.swift; path = CMDesignerProfileViewModel.swift; sourceTree = "<group>"; };
		09CDA9102AE41327009FB75C /* CMDesignerProfilePostView.swift */ = {isa = PBXFileReference; lastKnownFileType = sourcecode.swift; path = CMDesignerProfilePostView.swift; sourceTree = "<group>"; };
		09CDA9122AE4133A009FB75C /* CMDesignerProfileReviewView.swift */ = {isa = PBXFileReference; lastKnownFileType = sourcecode.swift; path = CMDesignerProfileReviewView.swift; sourceTree = "<group>"; };
		1D12F9A22AC5569F001219E8 /* DMEditPostView.swift */ = {isa = PBXFileReference; lastKnownFileType = sourcecode.swift; path = DMEditPostView.swift; sourceTree = "<group>"; };
		1D63595C2ACEED0A00FBD37B /* DMProfileViewModel.swift */ = {isa = PBXFileReference; lastKnownFileType = sourcecode.swift; path = DMProfileViewModel.swift; sourceTree = "<group>"; };
		1D9067162AC150D60028A660 /* DmDesignerModels.swift */ = {isa = PBXFileReference; lastKnownFileType = sourcecode.swift; path = DmDesignerModels.swift; sourceTree = "<group>"; };
		1D9067182AC151A80028A660 /* AsnycCacheImage.swift */ = {isa = PBXFileReference; lastKnownFileType = sourcecode.swift; path = AsnycCacheImage.swift; sourceTree = "<group>"; };
		1D90671C2AC176020028A660 /* DMPostViewModel.swift */ = {isa = PBXFileReference; lastKnownFileType = sourcecode.swift; path = DMPostViewModel.swift; sourceTree = "<group>"; };
		1D9067202AC1F61D0028A660 /* DMGridView.swift */ = {isa = PBXFileReference; lastKnownFileType = sourcecode.swift; path = DMGridView.swift; sourceTree = "<group>"; };
		1D9109B82AE75E5100099667 /* GoogleService-Info.plist */ = {isa = PBXFileReference; fileEncoding = 4; lastKnownFileType = text.plist.xml; path = "GoogleService-Info.plist"; sourceTree = "<group>"; };
		1DA52F552AC2CB69002E0D75 /* DMNewPostView.swift */ = {isa = PBXFileReference; lastKnownFileType = sourcecode.swift; path = DMNewPostView.swift; sourceTree = "<group>"; };
		1DD969A02ACFFD9A000AD7D2 /* AddDesignerDataView.swift */ = {isa = PBXFileReference; lastKnownFileType = sourcecode.swift; path = AddDesignerDataView.swift; sourceTree = "<group>"; };
		2F0A21902ACE753F0070CA42 /* CMProfileViewModel.swift */ = {isa = PBXFileReference; lastKnownFileType = sourcecode.swift; path = CMProfileViewModel.swift; sourceTree = "<group>"; };
		2F0A21922ACFD4B00070CA42 /* Review.swift */ = {isa = PBXFileReference; lastKnownFileType = sourcecode.swift; path = Review.swift; sourceTree = "<group>"; };
		2F0A21942ACFD8950070CA42 /* CMReviewViewModel.swift */ = {isa = PBXFileReference; lastKnownFileType = sourcecode.swift; path = CMReviewViewModel.swift; sourceTree = "<group>"; };
		2F45A1272AD2739C005018A5 /* Color.swift */ = {isa = PBXFileReference; lastKnownFileType = sourcecode.swift; path = Color.swift; sourceTree = "<group>"; };
		2F6363E82AD542AA00E980F8 /* PhotoPicker.swift */ = {isa = PBXFileReference; lastKnownFileType = sourcecode.swift; path = PhotoPicker.swift; sourceTree = "<group>"; };
		2F65BB9D2AE6CBE400D84D37 /* CMHistoryViewModel.swift */ = {isa = PBXFileReference; lastKnownFileType = sourcecode.swift; path = CMHistoryViewModel.swift; sourceTree = "<group>"; };
		2F65BB9F2AE6CE8000D84D37 /* CMHistoryCellView.swift */ = {isa = PBXFileReference; lastKnownFileType = sourcecode.swift; path = CMHistoryCellView.swift; sourceTree = "<group>"; };
		2F65BBA42AE7E25A00D84D37 /* CMReviewDetailView.swift */ = {isa = PBXFileReference; lastKnownFileType = sourcecode.swift; path = CMReviewDetailView.swift; sourceTree = "<group>"; };
		2F65BBA62AE7F6FE00D84D37 /* MapMarker.swift */ = {isa = PBXFileReference; lastKnownFileType = sourcecode.swift; path = MapMarker.swift; sourceTree = "<group>"; };
		2F7B60642ADFAF2B00EF1B96 /* CMCustomTextArea.swift */ = {isa = PBXFileReference; lastKnownFileType = sourcecode.swift; path = CMCustomTextArea.swift; sourceTree = "<group>"; };
		2F8F1B992AE4F652002FD403 /* DMCustomTextField.swift */ = {isa = PBXFileReference; lastKnownFileType = sourcecode.swift; path = DMCustomTextField.swift; sourceTree = "<group>"; };
		2F8F1B9B2AE532B9002FD403 /* LocationManager.swift */ = {isa = PBXFileReference; lastKnownFileType = sourcecode.swift; path = LocationManager.swift; sourceTree = "<group>"; };
		2FA36FFD2AD93C1F00E750B0 /* CMReservationInfoView.swift */ = {isa = PBXFileReference; lastKnownFileType = sourcecode.swift; path = CMReservationInfoView.swift; sourceTree = "<group>"; };
		2FA36FFF2AD945A000E750B0 /* PhotoSelectionView.swift */ = {isa = PBXFileReference; lastKnownFileType = sourcecode.swift; path = PhotoSelectionView.swift; sourceTree = "<group>"; };
		2FC888972AE240200096ED82 /* LICENSE.txt */ = {isa = PBXFileReference; fileEncoding = 4; lastKnownFileType = text; path = LICENSE.txt; sourceTree = "<group>"; };
		2FE6BD032AE692C70040D1A1 /* Marker.swift */ = {isa = PBXFileReference; lastKnownFileType = sourcecode.swift; path = Marker.swift; sourceTree = "<group>"; };
		3B0E1CD52AE2340700145563 /* UnReadCountCircle.swift */ = {isa = PBXFileReference; lastKnownFileType = sourcecode.swift; path = UnReadCountCircle.swift; sourceTree = "<group>"; };
		3B2442F42ADE5CF7005D3021 /* StarScoreView.swift */ = {isa = PBXFileReference; lastKnownFileType = sourcecode.swift; path = StarScoreView.swift; sourceTree = "<group>"; };
		3B517D472ACE46420082E2F6 /* ConsultationViewModel.swift */ = {isa = PBXFileReference; lastKnownFileType = sourcecode.swift; path = ConsultationViewModel.swift; sourceTree = "<group>"; };
		3B6346DB2AD8DDD300D3D110 /* NSCacheManager.swift */ = {isa = PBXFileReference; fileEncoding = 4; lastKnownFileType = sourcecode.swift; path = NSCacheManager.swift; sourceTree = "<group>"; };
		3B6346DD2AD9004600D3D110 /* ChatListUserInfo.swift */ = {isa = PBXFileReference; lastKnownFileType = sourcecode.swift; path = ChatListUserInfo.swift; sourceTree = "<group>"; };
		3BA51B6A2AD53212009D7902 /* FirebaseDateFomatManager.swift */ = {isa = PBXFileReference; lastKnownFileType = sourcecode.swift; path = FirebaseDateFomatManager.swift; sourceTree = "<group>"; };
		3BA862E02ADF96D500385507 /* DMShopEditView.swift */ = {isa = PBXFileReference; lastKnownFileType = sourcecode.swift; path = DMShopEditView.swift; sourceTree = "<group>"; };
		3BAB00EA2ACD92D5009053A4 /* DMAccount.swift */ = {isa = PBXFileReference; fileEncoding = 4; lastKnownFileType = sourcecode.swift; path = DMAccount.swift; sourceTree = "<group>"; };
		3BAB00F02ACD948B009053A4 /* DMExpandableText.swift */ = {isa = PBXFileReference; fileEncoding = 4; lastKnownFileType = sourcecode.swift; path = DMExpandableText.swift; sourceTree = "<group>"; };
		3BAB00F22ACD97EA009053A4 /* ReservationSDetail.swift */ = {isa = PBXFileReference; fileEncoding = 4; lastKnownFileType = sourcecode.swift; path = ReservationSDetail.swift; sourceTree = "<group>"; };
		3BC8CF132ACF12D500264547 /* ChatRoomSheetView.swift */ = {isa = PBXFileReference; lastKnownFileType = sourcecode.swift; path = ChatRoomSheetView.swift; sourceTree = "<group>"; };
		3BCF2C072ACD3E72009C18C2 /* ChattingListRoomViewModel.swift */ = {isa = PBXFileReference; fileEncoding = 4; lastKnownFileType = sourcecode.swift; path = ChattingListRoomViewModel.swift; sourceTree = "<group>"; };
		3BCF2C0F2ACD3E72009C18C2 /* ChatRoom.swift */ = {isa = PBXFileReference; fileEncoding = 4; lastKnownFileType = sourcecode.swift; path = ChatRoom.swift; sourceTree = "<group>"; };
		3BCF2C102ACD3E72009C18C2 /* MessageType.swift */ = {isa = PBXFileReference; fileEncoding = 4; lastKnownFileType = sourcecode.swift; path = MessageType.swift; sourceTree = "<group>"; };
		3BCF2C112ACD3E72009C18C2 /* CommonBubble.swift */ = {isa = PBXFileReference; fileEncoding = 4; lastKnownFileType = sourcecode.swift; path = CommonBubble.swift; sourceTree = "<group>"; };
		3BCF2C152ACD3E72009C18C2 /* ChatBubbleModifier.swift */ = {isa = PBXFileReference; fileEncoding = 4; lastKnownFileType = sourcecode.swift; path = ChatBubbleModifier.swift; sourceTree = "<group>"; };
		3BCF2C162ACD3E72009C18C2 /* BoardBubbleCell.swift */ = {isa = PBXFileReference; fileEncoding = 4; lastKnownFileType = sourcecode.swift; path = BoardBubbleCell.swift; sourceTree = "<group>"; };
		3BCF2C172ACD3E72009C18C2 /* ChatRoomView.swift */ = {isa = PBXFileReference; fileEncoding = 4; lastKnownFileType = sourcecode.swift; path = ChatRoomView.swift; sourceTree = "<group>"; };
		3BCF2C182ACD3E72009C18C2 /* ChattingListRoomView.swift */ = {isa = PBXFileReference; fileEncoding = 4; lastKnownFileType = sourcecode.swift; path = ChattingListRoomView.swift; sourceTree = "<group>"; };
		3BCF2C192ACD3E72009C18C2 /* BubbleCell.swift */ = {isa = PBXFileReference; fileEncoding = 4; lastKnownFileType = sourcecode.swift; path = BubbleCell.swift; sourceTree = "<group>"; };
		3BCF2C1B2ACD3E72009C18C2 /* ChatUtilityMenuView.swift */ = {isa = PBXFileReference; fileEncoding = 4; lastKnownFileType = sourcecode.swift; path = ChatUtilityMenuView.swift; sourceTree = "<group>"; };
		3BCF2C1C2ACD3E72009C18C2 /* ImageBubbleCell.swift */ = {isa = PBXFileReference; fileEncoding = 4; lastKnownFileType = sourcecode.swift; path = ImageBubbleCell.swift; sourceTree = "<group>"; };
		3BCF2C322ACD3F69009C18C2 /* ChattingViewModel.swift */ = {isa = PBXFileReference; fileEncoding = 4; lastKnownFileType = sourcecode.swift; path = ChattingViewModel.swift; sourceTree = "<group>"; };
		3BCF2C382ACD4247009C18C2 /* PostDetailViewModel.swift */ = {isa = PBXFileReference; fileEncoding = 4; lastKnownFileType = sourcecode.swift; path = PostDetailViewModel.swift; sourceTree = "<group>"; };
		3BCF2C392ACD4247009C18C2 /* CMPostViewModel.swift */ = {isa = PBXFileReference; fileEncoding = 4; lastKnownFileType = sourcecode.swift; path = CMPostViewModel.swift; sourceTree = "<group>"; };
		3BCF2C3B2ACD4247009C18C2 /* Client.swift */ = {isa = PBXFileReference; fileEncoding = 4; lastKnownFileType = sourcecode.swift; path = Client.swift; sourceTree = "<group>"; };
		3BCF2C3C2ACD4247009C18C2 /* Keyword.swift */ = {isa = PBXFileReference; fileEncoding = 4; lastKnownFileType = sourcecode.swift; path = Keyword.swift; sourceTree = "<group>"; };
		3BCF2C3F2ACD4247009C18C2 /* CMReviewSelectPhotosView.swift */ = {isa = PBXFileReference; fileEncoding = 4; lastKnownFileType = sourcecode.swift; path = CMReviewSelectPhotosView.swift; sourceTree = "<group>"; };
		3BCF2C412ACD4247009C18C2 /* CMReviewWriteContentView.swift */ = {isa = PBXFileReference; fileEncoding = 4; lastKnownFileType = sourcecode.swift; path = CMReviewWriteContentView.swift; sourceTree = "<group>"; };
		3BCF2C422ACD4247009C18C2 /* CMReviewGiveScoreView.swift */ = {isa = PBXFileReference; fileEncoding = 4; lastKnownFileType = sourcecode.swift; path = CMReviewGiveScoreView.swift; sourceTree = "<group>"; };
		3BCF2C432ACD4247009C18C2 /* CMNewReviewView.swift */ = {isa = PBXFileReference; fileEncoding = 4; lastKnownFileType = sourcecode.swift; path = CMNewReviewView.swift; sourceTree = "<group>"; };
		3BCF2C442ACD4247009C18C2 /* CMReviewSelectKeywordsView.swift */ = {isa = PBXFileReference; fileEncoding = 4; lastKnownFileType = sourcecode.swift; path = CMReviewSelectKeywordsView.swift; sourceTree = "<group>"; };
		3BCF2C462ACD4247009C18C2 /* CMUpcomingReservationListView.swift */ = {isa = PBXFileReference; fileEncoding = 4; lastKnownFileType = sourcecode.swift; path = CMUpcomingReservationListView.swift; sourceTree = "<group>"; };
		3BCF2C472ACD4247009C18C2 /* CMLastReservationListView.swift */ = {isa = PBXFileReference; fileEncoding = 4; lastKnownFileType = sourcecode.swift; path = CMLastReservationListView.swift; sourceTree = "<group>"; };
		3BCF2C482ACD4247009C18C2 /* CMReservationHistoryView.swift */ = {isa = PBXFileReference; fileEncoding = 4; lastKnownFileType = sourcecode.swift; path = CMReservationHistoryView.swift; sourceTree = "<group>"; };
		3BCF2C492ACD4247009C18C2 /* CMReservationDateTimeView.swift */ = {isa = PBXFileReference; fileEncoding = 4; lastKnownFileType = sourcecode.swift; path = CMReservationDateTimeView.swift; sourceTree = "<group>"; };
		3BCF2C4A2ACD4247009C18C2 /* CMReservationHistoryDetailView.swift */ = {isa = PBXFileReference; fileEncoding = 4; lastKnownFileType = sourcecode.swift; path = CMReservationHistoryDetailView.swift; sourceTree = "<group>"; };
		3BCF2C4B2ACD4247009C18C2 /* CMReservationCancelView.swift */ = {isa = PBXFileReference; fileEncoding = 4; lastKnownFileType = sourcecode.swift; path = CMReservationCancelView.swift; sourceTree = "<group>"; };
		3BCF2C4C2ACD4247009C18C2 /* CMReservationView.swift */ = {isa = PBXFileReference; fileEncoding = 4; lastKnownFileType = sourcecode.swift; path = CMReservationView.swift; sourceTree = "<group>"; };
		3BCF2C502ACD4247009C18C2 /* CMPostDetailView.swift */ = {isa = PBXFileReference; fileEncoding = 4; lastKnownFileType = sourcecode.swift; path = CMPostDetailView.swift; sourceTree = "<group>"; };
		3BCF2C512ACD4247009C18C2 /* CMHomeCellView.swift */ = {isa = PBXFileReference; fileEncoding = 4; lastKnownFileType = sourcecode.swift; path = CMHomeCellView.swift; sourceTree = "<group>"; };
		3BCF2C522ACD4247009C18C2 /* CMSearchView.swift */ = {isa = PBXFileReference; fileEncoding = 4; lastKnownFileType = sourcecode.swift; path = CMSearchView.swift; sourceTree = "<group>"; };
		3BCF2C532ACD4247009C18C2 /* CMPostDetailContentView.swift */ = {isa = PBXFileReference; fileEncoding = 4; lastKnownFileType = sourcecode.swift; path = CMPostDetailContentView.swift; sourceTree = "<group>"; };
		3BCF2C542ACD4247009C18C2 /* CMHomeView.swift */ = {isa = PBXFileReference; fileEncoding = 4; lastKnownFileType = sourcecode.swift; path = CMHomeView.swift; sourceTree = "<group>"; };
		3BCF2C552ACD4248009C18C2 /* CMFollowingPostView.swift */ = {isa = PBXFileReference; fileEncoding = 4; lastKnownFileType = sourcecode.swift; path = CMFollowingPostView.swift; sourceTree = "<group>"; };
		3BCF2C562ACD4248009C18C2 /* CMRecommendPostView.swift */ = {isa = PBXFileReference; fileEncoding = 4; lastKnownFileType = sourcecode.swift; path = CMRecommendPostView.swift; sourceTree = "<group>"; };
		3BCF2C5A2ACD4248009C18C2 /* CMMainChattingView.swift */ = {isa = PBXFileReference; fileEncoding = 4; lastKnownFileType = sourcecode.swift; path = CMMainChattingView.swift; sourceTree = "<group>"; };
		3BCF2C5B2ACD4248009C18C2 /* ClientMainTabView.swift */ = {isa = PBXFileReference; fileEncoding = 4; lastKnownFileType = sourcecode.swift; path = ClientMainTabView.swift; sourceTree = "<group>"; };
		3BCF2C5D2ACD4248009C18C2 /* CMLikePostListView.swift */ = {isa = PBXFileReference; fileEncoding = 4; lastKnownFileType = sourcecode.swift; path = CMLikePostListView.swift; sourceTree = "<group>"; };
		3BCF2C5F2ACD4248009C18C2 /* CMAccountInfoEditView.swift */ = {isa = PBXFileReference; fileEncoding = 4; lastKnownFileType = sourcecode.swift; path = CMAccountInfoEditView.swift; sourceTree = "<group>"; };
		3BCF2C602ACD4248009C18C2 /* CMProfileEditView.swift */ = {isa = PBXFileReference; fileEncoding = 4; lastKnownFileType = sourcecode.swift; path = CMProfileEditView.swift; sourceTree = "<group>"; };
		3BCF2C612ACD4248009C18C2 /* CMCustomTextField.swift */ = {isa = PBXFileReference; fileEncoding = 4; lastKnownFileType = sourcecode.swift; path = CMCustomTextField.swift; sourceTree = "<group>"; };
		3BCF2C622ACD4248009C18C2 /* CMClientInfoEditView.swift */ = {isa = PBXFileReference; fileEncoding = 4; lastKnownFileType = sourcecode.swift; path = CMClientInfoEditView.swift; sourceTree = "<group>"; };
		3BCF2C632ACD4248009C18C2 /* CMSegmentedControl.swift */ = {isa = PBXFileReference; fileEncoding = 4; lastKnownFileType = sourcecode.swift; path = CMSegmentedControl.swift; sourceTree = "<group>"; };
		3BCF2C642ACD4248009C18C2 /* CMFollowingListView.swift */ = {isa = PBXFileReference; fileEncoding = 4; lastKnownFileType = sourcecode.swift; path = CMFollowingListView.swift; sourceTree = "<group>"; };
		3BCF2C652ACD4248009C18C2 /* CMReviewListView.swift */ = {isa = PBXFileReference; fileEncoding = 4; lastKnownFileType = sourcecode.swift; path = CMReviewListView.swift; sourceTree = "<group>"; };
		3BCF2C672ACD4248009C18C2 /* CMSettingsView.swift */ = {isa = PBXFileReference; fileEncoding = 4; lastKnownFileType = sourcecode.swift; path = CMSettingsView.swift; sourceTree = "<group>"; };
		3BCF2C682ACD4248009C18C2 /* CMProfileView.swift */ = {isa = PBXFileReference; fileEncoding = 4; lastKnownFileType = sourcecode.swift; path = CMProfileView.swift; sourceTree = "<group>"; };
		630D67A82AFCAA300070C149 /* .swiftlint.yml */ = {isa = PBXFileReference; lastKnownFileType = text.yaml; path = .swiftlint.yml; sourceTree = "<group>"; };
		6394F0492B034236007717D2 /* .gitignore.md */ = {isa = PBXFileReference; lastKnownFileType = net.daringfireball.markdown; path = .gitignore.md; sourceTree = "<group>"; };
		639DB6602AC10F13002692E5 /* DesignerMainTabView.swift */ = {isa = PBXFileReference; lastKnownFileType = sourcecode.swift; path = DesignerMainTabView.swift; sourceTree = "<group>"; };
		639DB67D2AC11AF5002692E5 /* DMProfileView.swift */ = {isa = PBXFileReference; lastKnownFileType = sourcecode.swift; path = DMProfileView.swift; sourceTree = "<group>"; };
		639DB6802AC11B21002692E5 /* DMMainChattingView.swift */ = {isa = PBXFileReference; lastKnownFileType = sourcecode.swift; path = DMMainChattingView.swift; sourceTree = "<group>"; };
		639DB6862AC11B56002692E5 /* DMPostView.swift */ = {isa = PBXFileReference; lastKnownFileType = sourcecode.swift; path = DMPostView.swift; sourceTree = "<group>"; };
		63A888272ADF9A5A00790EBA /* DateDeviderCell.swift */ = {isa = PBXFileReference; lastKnownFileType = sourcecode.swift; path = DateDeviderCell.swift; sourceTree = "<group>"; };
		63CD89AD2ABD85C300E70A56 /* YeDi.app */ = {isa = PBXFileReference; explicitFileType = wrapper.application; includeInIndex = 0; path = YeDi.app; sourceTree = BUILT_PRODUCTS_DIR; };
		63CD89B02ABD85C300E70A56 /* YeDiApp.swift */ = {isa = PBXFileReference; lastKnownFileType = sourcecode.swift; path = YeDiApp.swift; sourceTree = "<group>"; };
		63CD89B22ABD85C300E70A56 /* ContentView.swift */ = {isa = PBXFileReference; lastKnownFileType = sourcecode.swift; path = ContentView.swift; sourceTree = "<group>"; };
		63CD89B42ABD85C500E70A56 /* Assets.xcassets */ = {isa = PBXFileReference; lastKnownFileType = folder.assetcatalog; path = Assets.xcassets; sourceTree = "<group>"; };
		63CD89B72ABD85C500E70A56 /* Preview Assets.xcassets */ = {isa = PBXFileReference; lastKnownFileType = folder.assetcatalog; path = "Preview Assets.xcassets"; sourceTree = "<group>"; };
		9615C7892AD6A1D600DD4F37 /* HCustomCalendar.swift */ = {isa = PBXFileReference; fileEncoding = 4; lastKnownFileType = sourcecode.swift; path = HCustomCalendar.swift; sourceTree = "<group>"; };
		9615C78B2AD6A2FD00DD4F37 /* DMReviewView.swift */ = {isa = PBXFileReference; fileEncoding = 4; lastKnownFileType = sourcecode.swift; path = DMReviewView.swift; sourceTree = "<group>"; };
		9615C78D2AD6A30A00DD4F37 /* DMReviewDetailView.swift */ = {isa = PBXFileReference; fileEncoding = 4; lastKnownFileType = sourcecode.swift; path = DMReviewDetailView.swift; sourceTree = "<group>"; };
		9615C78F2AD6A31D00DD4F37 /* DMReviewViewModel.swift */ = {isa = PBXFileReference; fileEncoding = 4; lastKnownFileType = sourcecode.swift; path = DMReviewViewModel.swift; sourceTree = "<group>"; };
		965ECCED2AD93EEB00BC0D41 /* DMDesignerInfoEditView.swift */ = {isa = PBXFileReference; fileEncoding = 4; lastKnownFileType = sourcecode.swift; path = DMDesignerInfoEditView.swift; sourceTree = "<group>"; };
		965ECCEE2AD93EEB00BC0D41 /* DMProfileEditView.swift */ = {isa = PBXFileReference; fileEncoding = 4; lastKnownFileType = sourcecode.swift; path = DMProfileEditView.swift; sourceTree = "<group>"; };
		965ECCEF2AD93EEB00BC0D41 /* DMAccountInfoEditView.swift */ = {isa = PBXFileReference; fileEncoding = 4; lastKnownFileType = sourcecode.swift; path = DMAccountInfoEditView.swift; sourceTree = "<group>"; };
		9666A21A2ACDBB6D0081C711 /* TimeSettingDetail.swift */ = {isa = PBXFileReference; lastKnownFileType = sourcecode.swift; path = TimeSettingDetail.swift; sourceTree = "<group>"; };
		9691C5D12ADE552100434377 /* CustomCalender.swift */ = {isa = PBXFileReference; fileEncoding = 4; lastKnownFileType = sourcecode.swift; path = CustomCalender.swift; sourceTree = "<group>"; };
		9691C5D32ADE554300434377 /* ClosedDaySettingVM.swift */ = {isa = PBXFileReference; fileEncoding = 4; lastKnownFileType = sourcecode.swift; path = ClosedDaySettingVM.swift; sourceTree = "<group>"; };
		9691C5D52ADE554A00434377 /* BreakTimeSettingVM.swift */ = {isa = PBXFileReference; fileEncoding = 4; lastKnownFileType = sourcecode.swift; path = BreakTimeSettingVM.swift; sourceTree = "<group>"; };
		96CBD4012AC3B0250055CC7F /* ReservationDetail.swift */ = {isa = PBXFileReference; lastKnownFileType = sourcecode.swift; path = ReservationDetail.swift; sourceTree = "<group>"; };
		96CBD4052AC40AF50055CC7F /* WkDaySettingDetail.swift */ = {isa = PBXFileReference; lastKnownFileType = sourcecode.swift; path = WkDaySettingDetail.swift; sourceTree = "<group>"; };
		96D8753C2AE0CEED00F35226 /* DMReservationVM.swift */ = {isa = PBXFileReference; lastKnownFileType = sourcecode.swift; path = DMReservationVM.swift; sourceTree = "<group>"; };
		96F637DA2AC2AA1200EF74FF /* ReservationView.swift */ = {isa = PBXFileReference; lastKnownFileType = sourcecode.swift; path = ReservationView.swift; sourceTree = "<group>"; };
		D88AB09E2AE7A0C50059D10F /* CMFollowingListButtonView.swift */ = {isa = PBXFileReference; lastKnownFileType = sourcecode.swift; path = CMFollowingListButtonView.swift; sourceTree = "<group>"; };
		D89971282ADFC51B00FBF031 /* CMSelectStyleView.swift */ = {isa = PBXFileReference; lastKnownFileType = sourcecode.swift; path = CMSelectStyleView.swift; sourceTree = "<group>"; };
		D899712A2AE107D100FBF031 /* CMReservationViewModel.swift */ = {isa = PBXFileReference; lastKnownFileType = sourcecode.swift; path = CMReservationViewModel.swift; sourceTree = "<group>"; };
		D899712C2AE107FC00FBF031 /* Reservation.swift */ = {isa = PBXFileReference; lastKnownFileType = sourcecode.swift; path = Reservation.swift; sourceTree = "<group>"; };
		D8E87D4F2AE4CC7C00DC9FF4 /* CMReservationCheckView.swift */ = {isa = PBXFileReference; lastKnownFileType = sourcecode.swift; path = CMReservationCheckView.swift; sourceTree = "<group>"; };
		D8E87D512AE5C53300DC9FF4 /* NavigationState.swift */ = {isa = PBXFileReference; lastKnownFileType = sourcecode.swift; path = NavigationState.swift; sourceTree = "<group>"; };
		DC7695422AD0888800D2FB69 /* AuthHomeView.swift */ = {isa = PBXFileReference; fileEncoding = 4; lastKnownFileType = sourcecode.swift; path = AuthHomeView.swift; sourceTree = "<group>"; };
		DC7695442AD0888800D2FB69 /* AuthModifier.swift */ = {isa = PBXFileReference; fileEncoding = 4; lastKnownFileType = sourcecode.swift; path = AuthModifier.swift; sourceTree = "<group>"; };
		DC7695452AD0888800D2FB69 /* LoginView.swift */ = {isa = PBXFileReference; fileEncoding = 4; lastKnownFileType = sourcecode.swift; path = LoginView.swift; sourceTree = "<group>"; };
		DC76954E2AD088DB00D2FB69 /* AuthViewModel.swift */ = {isa = PBXFileReference; fileEncoding = 4; lastKnownFileType = sourcecode.swift; path = AuthViewModel.swift; sourceTree = "<group>"; };
		DC7695522AD08A3600D2FB69 /* RegisterView.swift */ = {isa = PBXFileReference; lastKnownFileType = sourcecode.swift; path = RegisterView.swift; sourceTree = "<group>"; };
		DC7695B22ADC007900D2FB69 /* ResetPasswordView.swift */ = {isa = PBXFileReference; lastKnownFileType = sourcecode.swift; path = ResetPasswordView.swift; sourceTree = "<group>"; };
		DC7695B82ADCD56A00D2FB69 /* AuthRegex.swift */ = {isa = PBXFileReference; lastKnownFileType = sourcecode.swift; path = AuthRegex.swift; sourceTree = "<group>"; };
		DC7695BC2ADCF1CA00D2FB69 /* View.swift */ = {isa = PBXFileReference; lastKnownFileType = sourcecode.swift; path = View.swift; sourceTree = "<group>"; };
		DC7695C02ADCFBED00D2FB69 /* DismissButton.swift */ = {isa = PBXFileReference; lastKnownFileType = sourcecode.swift; path = DismissButton.swift; sourceTree = "<group>"; };
		DC7695C42ADD0E0B00D2FB69 /* CapsuleButton.swift */ = {isa = PBXFileReference; lastKnownFileType = sourcecode.swift; path = CapsuleButton.swift; sourceTree = "<group>"; };
		DC7695C82ADD119D00D2FB69 /* ButtonModifier.swift */ = {isa = PBXFileReference; lastKnownFileType = sourcecode.swift; path = ButtonModifier.swift; sourceTree = "<group>"; };
		DC7695CE2ADF1DC800D2FB69 /* TextFieldModifier.swift */ = {isa = PBXFileReference; lastKnownFileType = sourcecode.swift; path = TextFieldModifier.swift; sourceTree = "<group>"; };
		DC94ED582ADFDA540052AD6E /* TextAreaModifier.swift */ = {isa = PBXFileReference; lastKnownFileType = sourcecode.swift; path = TextAreaModifier.swift; sourceTree = "<group>"; };
		DC94ED722AE3B86A0052AD6E /* YdIconView.swift */ = {isa = PBXFileReference; lastKnownFileType = sourcecode.swift; path = YdIconView.swift; sourceTree = "<group>"; };
		DCD00D052AE5017400B44B89 /* DMPostDetailView.swift */ = {isa = PBXFileReference; lastKnownFileType = sourcecode.swift; path = DMPostDetailView.swift; sourceTree = "<group>"; };
/* End PBXFileReference section */

/* Begin PBXFrameworksBuildPhase section */
		63CD89AA2ABD85C300E70A56 /* Frameworks */ = {
			isa = PBXFrameworksBuildPhase;
			buildActionMask = 2147483647;
			files = (
				9691C5D02ADE549600434377 /* FirebaseDatabase in Frameworks */,
				639DB6432AC10E44002692E5 /* FirebaseFirestore in Frameworks */,
				639DB6472AC10E44002692E5 /* FirebaseFirestoreSwift in Frameworks */,
				639DB6372AC10E44002692E5 /* FirebaseAuth in Frameworks */,
				639DB63F2AC10E44002692E5 /* FirebaseDatabaseSwift in Frameworks */,
				639DB65D2AC10E44002692E5 /* FirebaseStorage in Frameworks */,
			);
			runOnlyForDeploymentPostprocessing = 0;
		};
/* End PBXFrameworksBuildPhase section */

/* Begin PBXGroup section */
		09CDA9162AE421A5009FB75C /* CMDesignerProfile */ = {
			isa = PBXGroup;
			children = (
				097D4BCB2AD90C0200D532F6 /* CMDesignerProfileView.swift */,
				09CDA9102AE41327009FB75C /* CMDesignerProfilePostView.swift */,
				09CDA9122AE4133A009FB75C /* CMDesignerProfileReviewView.swift */,
				0990A4322AE4DEC6006B4DC2 /* CMDesignerReviewDetailView.swift */,
			);
			path = CMDesignerProfile;
			sourceTree = "<group>";
		};
		2F45A1262AD27388005018A5 /* Extension */ = {
			isa = PBXGroup;
			children = (
				2F45A1272AD2739C005018A5 /* Color.swift */,
				DC7695BC2ADCF1CA00D2FB69 /* View.swift */,
			);
			path = Extension;
			sourceTree = "<group>";
		};
		2F65BBA12AE6CE9E00D84D37 /* CMReservationHistory */ = {
			isa = PBXGroup;
			children = (
				3BCF2C482ACD4247009C18C2 /* CMReservationHistoryView.swift */,
				3BCF2C462ACD4247009C18C2 /* CMUpcomingReservationListView.swift */,
				3BCF2C472ACD4247009C18C2 /* CMLastReservationListView.swift */,
				2F65BB9F2AE6CE8000D84D37 /* CMHistoryCellView.swift */,
				3BCF2C4A2ACD4247009C18C2 /* CMReservationHistoryDetailView.swift */,
			);
			path = CMReservationHistory;
			sourceTree = "<group>";
		};
		2FA7FC322ACE47480027BDEE /* CMSearch */ = {
			isa = PBXGroup;
			children = (
				3BCF2C522ACD4247009C18C2 /* CMSearchView.swift */,
			);
			path = CMSearch;
			sourceTree = "<group>";
		};
		3BCF2C032ACD3E72009C18C2 /* Shared */ = {
			isa = PBXGroup;
			children = (
				DC7695BF2ADCF91200D2FB69 /* Components */,
				DC7695BE2ADCF26A00D2FB69 /* ViewModifier */,
				DC7695B72ADCD52200D2FB69 /* Utils */,
				2F45A1262AD27388005018A5 /* Extension */,
				3BCF2C042ACD3E72009C18C2 /* ViewModel */,
				3BCF2C092ACD3E72009C18C2 /* Model */,
				3BCF2C122ACD3E72009C18C2 /* View */,
			);
			path = Shared;
			sourceTree = "<group>";
		};
		3BCF2C042ACD3E72009C18C2 /* ViewModel */ = {
			isa = PBXGroup;
			children = (
				DC76954D2AD088DB00D2FB69 /* Auth */,
				3BCF2C062ACD3E72009C18C2 /* Chatting */,
				2F6363E82AD542AA00E980F8 /* PhotoPicker.swift */,
				2F8F1B9B2AE532B9002FD403 /* LocationManager.swift */,
				D8E87D512AE5C53300DC9FF4 /* NavigationState.swift */,
			);
			path = ViewModel;
			sourceTree = "<group>";
		};
		3BCF2C062ACD3E72009C18C2 /* Chatting */ = {
			isa = PBXGroup;
			children = (
				3BCF2C322ACD3F69009C18C2 /* ChattingViewModel.swift */,
				3BCF2C072ACD3E72009C18C2 /* ChattingListRoomViewModel.swift */,
			);
			path = Chatting;
			sourceTree = "<group>";
		};
		3BCF2C092ACD3E72009C18C2 /* Model */ = {
			isa = PBXGroup;
			children = (
				3BCF2C0B2ACD3E72009C18C2 /* Chatting */,
				2F65BBA62AE7F6FE00D84D37 /* MapMarker.swift */,
			);
			path = Model;
			sourceTree = "<group>";
		};
		3BCF2C0B2ACD3E72009C18C2 /* Chatting */ = {
			isa = PBXGroup;
			children = (
				3BCF2C0F2ACD3E72009C18C2 /* ChatRoom.swift */,
				3BCF2C102ACD3E72009C18C2 /* MessageType.swift */,
				3BCF2C112ACD3E72009C18C2 /* CommonBubble.swift */,
				3B6346DD2AD9004600D3D110 /* ChatListUserInfo.swift */,
				2FE6BD032AE692C70040D1A1 /* Marker.swift */,
			);
			path = Chatting;
			sourceTree = "<group>";
		};
		3BCF2C122ACD3E72009C18C2 /* View */ = {
			isa = PBXGroup;
			children = (
				DC7695412AD0888800D2FB69 /* Auth */,
				3BCF2C132ACD3E72009C18C2 /* Chatting */,
				2FA36FFF2AD945A000E750B0 /* PhotoSelectionView.swift */,
				DC94ED722AE3B86A0052AD6E /* YdIconView.swift */,
			);
			path = View;
			sourceTree = "<group>";
		};
		3BCF2C132ACD3E72009C18C2 /* Chatting */ = {
			isa = PBXGroup;
			children = (
				3BCF2C162ACD3E72009C18C2 /* BoardBubbleCell.swift */,
				3BC8CF132ACF12D500264547 /* ChatRoomSheetView.swift */,
				3BCF2C172ACD3E72009C18C2 /* ChatRoomView.swift */,
				3BCF2C182ACD3E72009C18C2 /* ChattingListRoomView.swift */,
				3BCF2C192ACD3E72009C18C2 /* BubbleCell.swift */,
				3BCF2C1B2ACD3E72009C18C2 /* ChatUtilityMenuView.swift */,
				3BCF2C1C2ACD3E72009C18C2 /* ImageBubbleCell.swift */,
				63A888272ADF9A5A00790EBA /* DateDeviderCell.swift */,
			);
			path = Chatting;
			sourceTree = "<group>";
		};
		3BCF2C362ACD4247009C18C2 /* Client */ = {
			isa = PBXGroup;
			children = (
				3BCF2C372ACD4247009C18C2 /* ViewModel */,
				3BCF2C3A2ACD4247009C18C2 /* Model */,
				3BCF2C3D2ACD4247009C18C2 /* View */,
			);
			path = Client;
			sourceTree = "<group>";
		};
		3BCF2C372ACD4247009C18C2 /* ViewModel */ = {
			isa = PBXGroup;
			children = (
				3BCF2C382ACD4247009C18C2 /* PostDetailViewModel.swift */,
				3BCF2C392ACD4247009C18C2 /* CMPostViewModel.swift */,
				3B517D472ACE46420082E2F6 /* ConsultationViewModel.swift */,
				2F0A21942ACFD8950070CA42 /* CMReviewViewModel.swift */,
				2F0A21902ACE753F0070CA42 /* CMProfileViewModel.swift */,
				097EAD342AD040CA0037B848 /* CMHomeCellViewModel.swift */,
				097EAD322AD03FC70037B848 /* CMLikedPostListViewModel.swift */,
				09CA54AF2AD661F300796113 /* CMSearchViewModel.swift */,
				09CDA90C2AE3CB25009FB75C /* CMDesignerProfileViewModel.swift */,
				D899712A2AE107D100FBF031 /* CMReservationViewModel.swift */,
				2F65BB9D2AE6CBE400D84D37 /* CMHistoryViewModel.swift */,
			);
			path = ViewModel;
			sourceTree = "<group>";
		};
		3BCF2C3A2ACD4247009C18C2 /* Model */ = {
			isa = PBXGroup;
			children = (
				3BCF2C3B2ACD4247009C18C2 /* Client.swift */,
				2F0A21922ACFD4B00070CA42 /* Review.swift */,
				3BCF2C3C2ACD4247009C18C2 /* Keyword.swift */,
				D899712C2AE107FC00FBF031 /* Reservation.swift */,
			);
			path = Model;
			sourceTree = "<group>";
		};
		3BCF2C3D2ACD4247009C18C2 /* View */ = {
			isa = PBXGroup;
			children = (
				3BCF2C5B2ACD4248009C18C2 /* ClientMainTabView.swift */,
				3BCF2C4D2ACD4247009C18C2 /* CMHome */,
				3BCF2C452ACD4247009C18C2 /* CMReservation */,
				3BCF2C592ACD4248009C18C2 /* CMChatting */,
				3BCF2C5C2ACD4248009C18C2 /* CMProfile */,
				3BCF2C3E2ACD4247009C18C2 /* CMReview */,
			);
			path = View;
			sourceTree = "<group>";
		};
		3BCF2C3E2ACD4247009C18C2 /* CMReview */ = {
			isa = PBXGroup;
			children = (
				3BCF2C432ACD4247009C18C2 /* CMNewReviewView.swift */,
				2FA36FFD2AD93C1F00E750B0 /* CMReservationInfoView.swift */,
				3BCF2C3F2ACD4247009C18C2 /* CMReviewSelectPhotosView.swift */,
				3BCF2C442ACD4247009C18C2 /* CMReviewSelectKeywordsView.swift */,
				3BCF2C422ACD4247009C18C2 /* CMReviewGiveScoreView.swift */,
				3BCF2C412ACD4247009C18C2 /* CMReviewWriteContentView.swift */,
			);
			path = CMReview;
			sourceTree = "<group>";
		};
		3BCF2C452ACD4247009C18C2 /* CMReservation */ = {
			isa = PBXGroup;
			children = (
				2F65BBA12AE6CE9E00D84D37 /* CMReservationHistory */,
				3BCF2C492ACD4247009C18C2 /* CMReservationDateTimeView.swift */,
				3BCF2C4B2ACD4247009C18C2 /* CMReservationCancelView.swift */,
				3BCF2C4C2ACD4247009C18C2 /* CMReservationView.swift */,
				D89971282ADFC51B00FBF031 /* CMSelectStyleView.swift */,
				D8E87D4F2AE4CC7C00DC9FF4 /* CMReservationCheckView.swift */,
			);
			path = CMReservation;
			sourceTree = "<group>";
		};
		3BCF2C4D2ACD4247009C18C2 /* CMHome */ = {
			isa = PBXGroup;
			children = (
				2FA7FC322ACE47480027BDEE /* CMSearch */,
				3BCF2C542ACD4247009C18C2 /* CMHomeView.swift */,
				3BCF2C512ACD4247009C18C2 /* CMHomeCellView.swift */,
				3BCF2C562ACD4248009C18C2 /* CMRecommendPostView.swift */,
				3BCF2C552ACD4248009C18C2 /* CMFollowingPostView.swift */,
				3BCF2C502ACD4247009C18C2 /* CMPostDetailView.swift */,
				3BCF2C532ACD4247009C18C2 /* CMPostDetailContentView.swift */,
				09CDA9162AE421A5009FB75C /* CMDesignerProfile */,
			);
			path = CMHome;
			sourceTree = "<group>";
		};
		3BCF2C592ACD4248009C18C2 /* CMChatting */ = {
			isa = PBXGroup;
			children = (
				3BCF2C5A2ACD4248009C18C2 /* CMMainChattingView.swift */,
			);
			path = CMChatting;
			sourceTree = "<group>";
		};
		3BCF2C5C2ACD4248009C18C2 /* CMProfile */ = {
			isa = PBXGroup;
			children = (
				3BCF2C682ACD4248009C18C2 /* CMProfileView.swift */,
				3BCF2C632ACD4248009C18C2 /* CMSegmentedControl.swift */,
				3BCF2C5D2ACD4248009C18C2 /* CMLikePostListView.swift */,
				3BCF2C642ACD4248009C18C2 /* CMFollowingListView.swift */,
				3BCF2C652ACD4248009C18C2 /* CMReviewListView.swift */,
				2F65BBA42AE7E25A00D84D37 /* CMReviewDetailView.swift */,
				3BCF2C672ACD4248009C18C2 /* CMSettingsView.swift */,
				3BCF2C5E2ACD4248009C18C2 /* CMProfileEdit */,
				D88AB09E2AE7A0C50059D10F /* CMFollowingListButtonView.swift */,
			);
			path = CMProfile;
			sourceTree = "<group>";
		};
		3BCF2C5E2ACD4248009C18C2 /* CMProfileEdit */ = {
			isa = PBXGroup;
			children = (
				3BCF2C602ACD4248009C18C2 /* CMProfileEditView.swift */,
				3BCF2C622ACD4248009C18C2 /* CMClientInfoEditView.swift */,
				3BCF2C5F2ACD4248009C18C2 /* CMAccountInfoEditView.swift */,
				3BCF2C612ACD4248009C18C2 /* CMCustomTextField.swift */,
				2F7B60642ADFAF2B00EF1B96 /* CMCustomTextArea.swift */,
			);
			path = CMProfileEdit;
			sourceTree = "<group>";
		};
		639DB6282AC10DED002692E5 /* Designer */ = {
			isa = PBXGroup;
			children = (
				639DB6632AC10F1E002692E5 /* Model */,
				639DB6642AC10F27002692E5 /* ViewModel */,
				639DB6622AC10F19002692E5 /* View */,
			);
			path = Designer;
			sourceTree = "<group>";
		};
		639DB6622AC10F19002692E5 /* View */ = {
			isa = PBXGroup;
			children = (
				639DB6602AC10F13002692E5 /* DesignerMainTabView.swift */,
				639DB67C2AC11AE7002692E5 /* DMProfileView */,
				639DB67F2AC11B17002692E5 /* DMChattingView */,
				639DB6822AC11B29002692E5 /* DMReservationView */,
				639DB6852AC11B4A002692E5 /* DMPostView */,
				639DB67B2AC11AD5002692E5 /* DMReview */,
			);
			path = View;
			sourceTree = "<group>";
		};
		639DB6632AC10F1E002692E5 /* Model */ = {
			isa = PBXGroup;
			children = (
				1D9067162AC150D60028A660 /* DmDesignerModels.swift */,
			);
			path = Model;
			sourceTree = "<group>";
		};
		639DB6642AC10F27002692E5 /* ViewModel */ = {
			isa = PBXGroup;
			children = (
				3BAB00F02ACD948B009053A4 /* DMExpandableText.swift */,
				3BAB00EA2ACD92D5009053A4 /* DMAccount.swift */,
				1D63595C2ACEED0A00FBD37B /* DMProfileViewModel.swift */,
				1D90671C2AC176020028A660 /* DMPostViewModel.swift */,
				1DD969A02ACFFD9A000AD7D2 /* AddDesignerDataView.swift */,
				9615C78F2AD6A31D00DD4F37 /* DMReviewViewModel.swift */,
				9691C5D32ADE554300434377 /* ClosedDaySettingVM.swift */,
				9691C5D52ADE554A00434377 /* BreakTimeSettingVM.swift */,
				96D8753C2AE0CEED00F35226 /* DMReservationVM.swift */,
			);
			path = ViewModel;
			sourceTree = "<group>";
		};
		639DB67B2AC11AD5002692E5 /* DMReview */ = {
			isa = PBXGroup;
			children = (
				9615C78B2AD6A2FD00DD4F37 /* DMReviewView.swift */,
				9615C78D2AD6A30A00DD4F37 /* DMReviewDetailView.swift */,
			);
			path = DMReview;
			sourceTree = "<group>";
		};
		639DB67C2AC11AE7002692E5 /* DMProfileView */ = {
			isa = PBXGroup;
			children = (
				965ECCEC2AD93E7F00BC0D41 /* ProfileEditView */,
				3BA862E02ADF96D500385507 /* DMShopEditView.swift */,
			);
			path = DMProfileView;
			sourceTree = "<group>";
		};
		639DB67F2AC11B17002692E5 /* DMChattingView */ = {
			isa = PBXGroup;
			children = (
				639DB6802AC11B21002692E5 /* DMMainChattingView.swift */,
			);
			path = DMChattingView;
			sourceTree = "<group>";
		};
		639DB6822AC11B29002692E5 /* DMReservationView */ = {
			isa = PBXGroup;
			children = (
				96F637DA2AC2AA1200EF74FF /* ReservationView.swift */,
				3BAB00F22ACD97EA009053A4 /* ReservationSDetail.swift */,
				96CBD4012AC3B0250055CC7F /* ReservationDetail.swift */,
				96CBD4052AC40AF50055CC7F /* WkDaySettingDetail.swift */,
				9666A21A2ACDBB6D0081C711 /* TimeSettingDetail.swift */,
				9691C5D12ADE552100434377 /* CustomCalender.swift */,
				9615C7892AD6A1D600DD4F37 /* HCustomCalendar.swift */,
			);
			path = DMReservationView;
			sourceTree = "<group>";
		};
		639DB6852AC11B4A002692E5 /* DMPostView */ = {
			isa = PBXGroup;
			children = (
				1D9067202AC1F61D0028A660 /* DMGridView.swift */,
				639DB6862AC11B56002692E5 /* DMPostView.swift */,
				DCD00D052AE5017400B44B89 /* DMPostDetailView.swift */,
				1D12F9A22AC5569F001219E8 /* DMEditPostView.swift */,
				1DA52F552AC2CB69002E0D75 /* DMNewPostView.swift */,
			);
			path = DMPostView;
			sourceTree = "<group>";
		};
		63CD89A42ABD85C300E70A56 = {
			isa = PBXGroup;
			children = (
				6394F0492B034236007717D2 /* .gitignore.md */,
				630D67A82AFCAA300070C149 /* .swiftlint.yml */,
				2FC888972AE240200096ED82 /* LICENSE.txt */,
				63CD89AF2ABD85C300E70A56 /* YeDi */,
				63CD89AE2ABD85C300E70A56 /* Products */,
				9691C5CE2ADE549600434377 /* Frameworks */,
				DC94ED632AE242430052AD6E /* Recovered References */,
			);
			sourceTree = "<group>";
		};
		63CD89AE2ABD85C300E70A56 /* Products */ = {
			isa = PBXGroup;
			children = (
				63CD89AD2ABD85C300E70A56 /* YeDi.app */,
			);
			name = Products;
			sourceTree = "<group>";
		};
		63CD89AF2ABD85C300E70A56 /* YeDi */ = {
			isa = PBXGroup;
			children = (
				1D9109B82AE75E5100099667 /* GoogleService-Info.plist */,
				3BCF2C032ACD3E72009C18C2 /* Shared */,
				3BCF2C362ACD4247009C18C2 /* Client */,
				639DB6282AC10DED002692E5 /* Designer */,
				63CD89B02ABD85C300E70A56 /* YeDiApp.swift */,
				63CD89B22ABD85C300E70A56 /* ContentView.swift */,
				63CD89B42ABD85C500E70A56 /* Assets.xcassets */,
				63CD89B62ABD85C500E70A56 /* Preview Content */,
			);
			path = YeDi;
			sourceTree = "<group>";
		};
		63CD89B62ABD85C500E70A56 /* Preview Content */ = {
			isa = PBXGroup;
			children = (
				63CD89B72ABD85C500E70A56 /* Preview Assets.xcassets */,
			);
			path = "Preview Content";
			sourceTree = "<group>";
		};
		965ECCEC2AD93E7F00BC0D41 /* ProfileEditView */ = {
			isa = PBXGroup;
			children = (
				965ECCEF2AD93EEB00BC0D41 /* DMAccountInfoEditView.swift */,
				965ECCED2AD93EEB00BC0D41 /* DMDesignerInfoEditView.swift */,
				965ECCEE2AD93EEB00BC0D41 /* DMProfileEditView.swift */,
				639DB67D2AC11AF5002692E5 /* DMProfileView.swift */,
				2F8F1B992AE4F652002FD403 /* DMCustomTextField.swift */,
			);
			path = ProfileEditView;
			sourceTree = "<group>";
		};
		9691C5CE2ADE549600434377 /* Frameworks */ = {
			isa = PBXGroup;
			children = (
			);
			name = Frameworks;
			sourceTree = "<group>";
		};
		DC7695412AD0888800D2FB69 /* Auth */ = {
			isa = PBXGroup;
			children = (
				DC7695422AD0888800D2FB69 /* AuthHomeView.swift */,
				DC7695452AD0888800D2FB69 /* LoginView.swift */,
				DC7695522AD08A3600D2FB69 /* RegisterView.swift */,
				DC7695B22ADC007900D2FB69 /* ResetPasswordView.swift */,
			);
			path = Auth;
			sourceTree = "<group>";
		};
		DC76954D2AD088DB00D2FB69 /* Auth */ = {
			isa = PBXGroup;
			children = (
				DC76954E2AD088DB00D2FB69 /* AuthViewModel.swift */,
			);
			path = Auth;
			sourceTree = "<group>";
		};
		DC7695B72ADCD52200D2FB69 /* Utils */ = {
			isa = PBXGroup;
			children = (
				1D9067182AC151A80028A660 /* AsnycCacheImage.swift */,
				3BA51B6A2AD53212009D7902 /* FirebaseDateFomatManager.swift */,
				3B6346DB2AD8DDD300D3D110 /* NSCacheManager.swift */,
				DC7695B82ADCD56A00D2FB69 /* AuthRegex.swift */,
			);
			path = Utils;
			sourceTree = "<group>";
		};
		DC7695BE2ADCF26A00D2FB69 /* ViewModifier */ = {
			isa = PBXGroup;
			children = (
				DC7695442AD0888800D2FB69 /* AuthModifier.swift */,
				3BCF2C152ACD3E72009C18C2 /* ChatBubbleModifier.swift */,
				DC7695C82ADD119D00D2FB69 /* ButtonModifier.swift */,
				DC7695CE2ADF1DC800D2FB69 /* TextFieldModifier.swift */,
				DC94ED582ADFDA540052AD6E /* TextAreaModifier.swift */,
			);
			path = ViewModifier;
			sourceTree = "<group>";
		};
		DC7695BF2ADCF91200D2FB69 /* Components */ = {
			isa = PBXGroup;
			children = (
				DC7695C02ADCFBED00D2FB69 /* DismissButton.swift */,
				DC7695C42ADD0E0B00D2FB69 /* CapsuleButton.swift */,
				3B2442F42ADE5CF7005D3021 /* StarScoreView.swift */,
				3B0E1CD52AE2340700145563 /* UnReadCountCircle.swift */,
			);
			path = Components;
			sourceTree = "<group>";
		};
		DC94ED632AE242430052AD6E /* Recovered References */ = {
			isa = PBXGroup;
			children = (
			);
			name = "Recovered References";
			sourceTree = "<group>";
		};
/* End PBXGroup section */

/* Begin PBXNativeTarget section */
		63CD89AC2ABD85C300E70A56 /* YeDi */ = {
			isa = PBXNativeTarget;
			buildConfigurationList = 63CD89BB2ABD85C500E70A56 /* Build configuration list for PBXNativeTarget "YeDi" */;
			buildPhases = (
				63CD89A92ABD85C300E70A56 /* Sources */,
				63CD89AA2ABD85C300E70A56 /* Frameworks */,
				63CD89AB2ABD85C300E70A56 /* Resources */,
				630D67A52AFC9E4E0070C149 /* Swiftlint Script */,
			);
			buildRules = (
			);
			dependencies = (
			);
			name = YeDi;
			packageProductDependencies = (
				639DB6362AC10E44002692E5 /* FirebaseAuth */,
				639DB63E2AC10E44002692E5 /* FirebaseDatabaseSwift */,
				639DB6422AC10E44002692E5 /* FirebaseFirestore */,
				639DB6462AC10E44002692E5 /* FirebaseFirestoreSwift */,
				639DB65C2AC10E44002692E5 /* FirebaseStorage */,
				9691C5CF2ADE549600434377 /* FirebaseDatabase */,
			);
			productName = YeDi;
			productReference = 63CD89AD2ABD85C300E70A56 /* YeDi.app */;
			productType = "com.apple.product-type.application";
		};
/* End PBXNativeTarget section */

/* Begin PBXProject section */
		63CD89A52ABD85C300E70A56 /* Project object */ = {
			isa = PBXProject;
			attributes = {
				BuildIndependentTargetsInParallel = 1;
				LastSwiftUpdateCheck = 1500;
				LastUpgradeCheck = 1500;
				TargetAttributes = {
					63CD89AC2ABD85C300E70A56 = {
						CreatedOnToolsVersion = 15.0;
					};
				};
			};
			buildConfigurationList = 63CD89A82ABD85C300E70A56 /* Build configuration list for PBXProject "YeDi" */;
			compatibilityVersion = "Xcode 14.0";
			developmentRegion = en;
			hasScannedForEncodings = 0;
			knownRegions = (
				en,
				Base,
			);
			mainGroup = 63CD89A42ABD85C300E70A56;
			packageReferences = (
				639DB6292AC10E44002692E5 /* XCRemoteSwiftPackageReference "firebase-ios-sdk" */,
			);
			productRefGroup = 63CD89AE2ABD85C300E70A56 /* Products */;
			projectDirPath = "";
			projectRoot = "";
			targets = (
				63CD89AC2ABD85C300E70A56 /* YeDi */,
			);
		};
/* End PBXProject section */

/* Begin PBXResourcesBuildPhase section */
		63CD89AB2ABD85C300E70A56 /* Resources */ = {
			isa = PBXResourcesBuildPhase;
			buildActionMask = 2147483647;
			files = (
				630D67A92AFCAA300070C149 /* .swiftlint.yml in Resources */,
				1D9109B92AE75E5100099667 /* GoogleService-Info.plist in Resources */,
				2FC888982AE240200096ED82 /* LICENSE.txt in Resources */,
				63CD89B82ABD85C500E70A56 /* Preview Assets.xcassets in Resources */,
				63CD89B52ABD85C500E70A56 /* Assets.xcassets in Resources */,
			);
			runOnlyForDeploymentPostprocessing = 0;
		};
/* End PBXResourcesBuildPhase section */

/* Begin PBXShellScriptBuildPhase section */
		630D67A52AFC9E4E0070C149 /* Swiftlint Script */ = {
			isa = PBXShellScriptBuildPhase;
			buildActionMask = 2147483647;
			files = (
			);
			inputFileListPaths = (
			);
			inputPaths = (
			);
			name = "Swiftlint Script";
			outputFileListPaths = (
			);
			outputPaths = (
			);
			runOnlyForDeploymentPostprocessing = 0;
			shellPath = /bin/sh;
			shellScript = "if [[ \"$(uname -m)\" == arm64 ]]; then\n    export PATH=\"/opt/homebrew/bin:$PATH\"\nfi\n\nif which swiftlint > /dev/null; then\n  swiftlint\nelse\n  echo \"warning: SwiftLint not installed, download from https://github.com/realm/SwiftLint\"\nfi\n";
		};
/* End PBXShellScriptBuildPhase section */

/* Begin PBXSourcesBuildPhase section */
		63CD89A92ABD85C300E70A56 /* Sources */ = {
			isa = PBXSourcesBuildPhase;
			buildActionMask = 2147483647;
			files = (
				D88AB0A02AE7A3360059D10F /* CMPostDetailContentView.swift in Sources */,
				3BCF2C2C2ACD3E73009C18C2 /* BubbleCell.swift in Sources */,
				2F45A1282AD2739C005018A5 /* Color.swift in Sources */,
				097D4BCC2AD90C0300D532F6 /* CMDesignerProfileView.swift in Sources */,
				3BCF2C812ACD4248009C18C2 /* CMFollowingPostView.swift in Sources */,
				D899712B2AE107D100FBF031 /* CMReservationViewModel.swift in Sources */,
				3BCF2C2E2ACD3E73009C18C2 /* ChatUtilityMenuView.swift in Sources */,
				3BCF2C702ACD4248009C18C2 /* CMReviewGiveScoreView.swift in Sources */,
				DC7695C52ADD0E0B00D2FB69 /* CapsuleButton.swift in Sources */,
				3BCF2C1F2ACD3E73009C18C2 /* ChattingListRoomViewModel.swift in Sources */,
				3BCF2C6C2ACD4248009C18C2 /* Keyword.swift in Sources */,
				3BCF2C7C2ACD4248009C18C2 /* CMPostDetailView.swift in Sources */,
				3BCF2C252ACD3E73009C18C2 /* ChatRoom.swift in Sources */,
				9691C5D42ADE554300434377 /* ClosedDaySettingVM.swift in Sources */,
				3BA51B6B2AD53212009D7902 /* FirebaseDateFomatManager.swift in Sources */,
				DC7695462AD0888800D2FB69 /* AuthHomeView.swift in Sources */,
				3BCF2C2B2ACD3E73009C18C2 /* ChattingListRoomView.swift in Sources */,
				639DB6812AC11B21002692E5 /* DMMainChattingView.swift in Sources */,
				3BCF2C8B2ACD4248009C18C2 /* CMSegmentedControl.swift in Sources */,
				2F65BBA02AE6CE8000D84D37 /* CMHistoryCellView.swift in Sources */,
				3BCF2C6F2ACD4248009C18C2 /* CMReviewWriteContentView.swift in Sources */,
				3BAB00F32ACD97EB009053A4 /* ReservationSDetail.swift in Sources */,
				0990A4332AE4DEC6006B4DC2 /* CMDesignerReviewDetailView.swift in Sources */,
				DC94ED732AE3B86A0052AD6E /* YdIconView.swift in Sources */,
				DC7695B92ADCD56A00D2FB69 /* AuthRegex.swift in Sources */,
				639DB6872AC11B56002692E5 /* DMPostView.swift in Sources */,
				3BCF2C282ACD3E73009C18C2 /* ChatBubbleModifier.swift in Sources */,
				3BCF2C802ACD4248009C18C2 /* CMHomeView.swift in Sources */,
				3BC8CF142ACF12D500264547 /* ChatRoomSheetView.swift in Sources */,
				3BCF2C272ACD3E73009C18C2 /* CommonBubble.swift in Sources */,
				3B6346DC2AD8DDD300D3D110 /* NSCacheManager.swift in Sources */,
				3BCF2C842ACD4248009C18C2 /* CMMainChattingView.swift in Sources */,
				097EAD352AD040CA0037B848 /* CMHomeCellViewModel.swift in Sources */,
				09CDA90D2AE3CB25009FB75C /* CMDesignerProfileViewModel.swift in Sources */,
				3BCF2C292ACD3E73009C18C2 /* BoardBubbleCell.swift in Sources */,
				965ECCF02AD93EEB00BC0D41 /* DMDesignerInfoEditView.swift in Sources */,
				3BCF2C852ACD4248009C18C2 /* ClientMainTabView.swift in Sources */,
				D88AB09F2AE7A0C50059D10F /* CMFollowingListButtonView.swift in Sources */,
				2F6363E92AD542AA00E980F8 /* PhotoPicker.swift in Sources */,
				3BCF2C762ACD4248009C18C2 /* CMReservationDateTimeView.swift in Sources */,
				9615C78E2AD6A30A00DD4F37 /* DMReviewDetailView.swift in Sources */,
				3BCF2C6A2ACD4248009C18C2 /* CMPostViewModel.swift in Sources */,
				3B517D482ACE46420082E2F6 /* ConsultationViewModel.swift in Sources */,
				3BCF2C752ACD4248009C18C2 /* CMReservationHistoryView.swift in Sources */,
				3BCF2C6D2ACD4248009C18C2 /* CMReviewSelectPhotosView.swift in Sources */,
				3BCF2C742ACD4248009C18C2 /* CMLastReservationListView.swift in Sources */,
				3BCF2C2F2ACD3E73009C18C2 /* ImageBubbleCell.swift in Sources */,
				2F65BBA72AE7F6FE00D84D37 /* MapMarker.swift in Sources */,
				2F0A21952ACFD8950070CA42 /* CMReviewViewModel.swift in Sources */,
				1D9067212AC1F61D0028A660 /* DMGridView.swift in Sources */,
				3BCF2C8C2ACD4248009C18C2 /* CMFollowingListView.swift in Sources */,
				3BCF2C862ACD4248009C18C2 /* CMLikePostListView.swift in Sources */,
				2F0A21912ACE753F0070CA42 /* CMProfileViewModel.swift in Sources */,
				2F8F1B9C2AE532B9002FD403 /* LocationManager.swift in Sources */,
				3BCF2C8D2ACD4248009C18C2 /* CMReviewListView.swift in Sources */,
				9666A21B2ACDBB6D0081C711 /* TimeSettingDetail.swift in Sources */,
				9691C5D22ADE552100434377 /* CustomCalender.swift in Sources */,
				3BCF2C782ACD4248009C18C2 /* CMReservationCancelView.swift in Sources */,
				3BCF2C792ACD4248009C18C2 /* CMReservationView.swift in Sources */,
				96CBD4022AC3B0250055CC7F /* ReservationDetail.swift in Sources */,
				96D8753D2AE0CEED00F35226 /* DMReservationVM.swift in Sources */,
				1D9067172AC150D60028A660 /* DmDesignerModels.swift in Sources */,
				3BA862E12ADF96D500385507 /* DMShopEditView.swift in Sources */,
				097EAD332AD03FC70037B848 /* CMLikedPostListViewModel.swift in Sources */,
				3BAB00F12ACD948C009053A4 /* DMExpandableText.swift in Sources */,
				1D12F9A32AC5569F001219E8 /* DMEditPostView.swift in Sources */,
				3BCF2C332ACD3F6A009C18C2 /* ChattingViewModel.swift in Sources */,
				3BCF2C902ACD4248009C18C2 /* CMProfileView.swift in Sources */,
				DC7695B32ADC007900D2FB69 /* ResetPasswordView.swift in Sources */,
				3B6346DE2AD9004600D3D110 /* ChatListUserInfo.swift in Sources */,
				DC76954F2AD088DB00D2FB69 /* AuthViewModel.swift in Sources */,
				965ECCF22AD93EEB00BC0D41 /* DMAccountInfoEditView.swift in Sources */,
				2F7B60652ADFAF2B00EF1B96 /* CMCustomTextArea.swift in Sources */,
				3BCF2C8F2ACD4248009C18C2 /* CMSettingsView.swift in Sources */,
				3BCF2C712ACD4248009C18C2 /* CMNewReviewView.swift in Sources */,
				DC7695CF2ADF1DC800D2FB69 /* TextFieldModifier.swift in Sources */,
				3BCF2C2A2ACD3E73009C18C2 /* ChatRoomView.swift in Sources */,
				2FE6BD042AE692C70040D1A1 /* Marker.swift in Sources */,
				2FA36FFE2AD93C1F00E750B0 /* CMReservationInfoView.swift in Sources */,
				3BCF2C262ACD3E73009C18C2 /* MessageType.swift in Sources */,
				63CD89B32ABD85C300E70A56 /* ContentView.swift in Sources */,
				3BCF2C882ACD4248009C18C2 /* CMProfileEditView.swift in Sources */,
				63CD89B12ABD85C300E70A56 /* YeDiApp.swift in Sources */,
				639DB6612AC10F13002692E5 /* DesignerMainTabView.swift in Sources */,
				9615C7902AD6A31D00DD4F37 /* DMReviewViewModel.swift in Sources */,
				3BCF2C772ACD4248009C18C2 /* CMReservationHistoryDetailView.swift in Sources */,
				3BCF2C722ACD4248009C18C2 /* CMReviewSelectKeywordsView.swift in Sources */,
				3BCF2C822ACD4248009C18C2 /* CMRecommendPostView.swift in Sources */,
				2F0A21932ACFD4B00070CA42 /* Review.swift in Sources */,
				D8E87D502AE4CC7C00DC9FF4 /* CMReservationCheckView.swift in Sources */,
				3BCF2C892ACD4248009C18C2 /* CMCustomTextField.swift in Sources */,
				3BAB00EB2ACD92D6009053A4 /* DMAccount.swift in Sources */,
				3BCF2C7D2ACD4248009C18C2 /* CMHomeCellView.swift in Sources */,
				D8E87D522AE5C53300DC9FF4 /* NavigationState.swift in Sources */,
				3BCF2C732ACD4248009C18C2 /* CMUpcomingReservationListView.swift in Sources */,
				1D63595D2ACEED0A00FBD37B /* DMProfileViewModel.swift in Sources */,
				DC7695472AD0888800D2FB69 /* AuthModifier.swift in Sources */,
				2F8F1B9A2AE4F652002FD403 /* DMCustomTextField.swift in Sources */,
				1D63595D2ACEED0A00FBD37B /* DMProfileViewModel.swift in Sources */,
				09CA54B02AD661F300796113 /* CMSearchViewModel.swift in Sources */,
				3BCF2C8A2ACD4248009C18C2 /* CMClientInfoEditView.swift in Sources */,
				965ECCF12AD93EEB00BC0D41 /* DMProfileEditView.swift in Sources */,
				3BCF2C692ACD4248009C18C2 /* PostDetailViewModel.swift in Sources */,
				9691C5D62ADE554A00434377 /* BreakTimeSettingVM.swift in Sources */,
				9615C78A2AD6A1D600DD4F37 /* HCustomCalendar.swift in Sources */,
				2F65BB9E2AE6CBE400D84D37 /* CMHistoryViewModel.swift in Sources */,
				D89971292ADFC51B00FBF031 /* CMSelectStyleView.swift in Sources */,
				DC7695BD2ADCF1CA00D2FB69 /* View.swift in Sources */,
				1D90671D2AC176020028A660 /* DMPostViewModel.swift in Sources */,
				09CDA9132AE4133A009FB75C /* CMDesignerProfileReviewView.swift in Sources */,
				3B2442F52ADE5CF7005D3021 /* StarScoreView.swift in Sources */,
				09CDA9112AE41328009FB75C /* CMDesignerProfilePostView.swift in Sources */,
				DC7695532AD08A3600D2FB69 /* RegisterView.swift in Sources */,
				639DB67E2AC11AF5002692E5 /* DMProfileView.swift in Sources */,
				DC7695C12ADCFBED00D2FB69 /* DismissButton.swift in Sources */,
				1DA52F562AC2CB69002E0D75 /* DMNewPostView.swift in Sources */,
				2FA370002AD945A000E750B0 /* PhotoSelectionView.swift in Sources */,
				96CBD4062AC40AF50055CC7F /* WkDaySettingDetail.swift in Sources */,
				DC7695482AD0888800D2FB69 /* LoginView.swift in Sources */,
				3B0E1CD62AE2340700145563 /* UnReadCountCircle.swift in Sources */,
				DCD00D062AE5017400B44B89 /* DMPostDetailView.swift in Sources */,
				96F637DB2AC2AA1200EF74FF /* ReservationView.swift in Sources */,
				3BCF2C7E2ACD4248009C18C2 /* CMSearchView.swift in Sources */,
				D899712D2AE107FC00FBF031 /* Reservation.swift in Sources */,
				3BCF2C872ACD4248009C18C2 /* CMAccountInfoEditView.swift in Sources */,
				DC7695C92ADD119D00D2FB69 /* ButtonModifier.swift in Sources */,
				3BCF2C6B2ACD4248009C18C2 /* Client.swift in Sources */,
				63A888282ADF9A5A00790EBA /* DateDeviderCell.swift in Sources */,
				1D9067192AC151A80028A660 /* AsnycCacheImage.swift in Sources */,
				2F65BBA52AE7E25A00D84D37 /* CMReviewDetailView.swift in Sources */,
				DC94ED592ADFDA540052AD6E /* TextAreaModifier.swift in Sources */,
				1DD969A12ACFFD9A000AD7D2 /* AddDesignerDataView.swift in Sources */,
				9615C78C2AD6A2FE00DD4F37 /* DMReviewView.swift in Sources */,
			);
			runOnlyForDeploymentPostprocessing = 0;
		};
/* End PBXSourcesBuildPhase section */

/* Begin XCBuildConfiguration section */
		63CD89B92ABD85C500E70A56 /* Debug */ = {
			isa = XCBuildConfiguration;
			buildSettings = {
				ALWAYS_SEARCH_USER_PATHS = NO;
				ASSETCATALOG_COMPILER_GENERATE_SWIFT_ASSET_SYMBOL_EXTENSIONS = YES;
				CLANG_ANALYZER_NONNULL = YES;
				CLANG_ANALYZER_NUMBER_OBJECT_CONVERSION = YES_AGGRESSIVE;
				CLANG_CXX_LANGUAGE_STANDARD = "gnu++20";
				CLANG_ENABLE_MODULES = YES;
				CLANG_ENABLE_OBJC_ARC = YES;
				CLANG_ENABLE_OBJC_WEAK = YES;
				CLANG_WARN_BLOCK_CAPTURE_AUTORELEASING = YES;
				CLANG_WARN_BOOL_CONVERSION = YES;
				CLANG_WARN_COMMA = YES;
				CLANG_WARN_CONSTANT_CONVERSION = YES;
				CLANG_WARN_DEPRECATED_OBJC_IMPLEMENTATIONS = YES;
				CLANG_WARN_DIRECT_OBJC_ISA_USAGE = YES_ERROR;
				CLANG_WARN_DOCUMENTATION_COMMENTS = YES;
				CLANG_WARN_EMPTY_BODY = YES;
				CLANG_WARN_ENUM_CONVERSION = YES;
				CLANG_WARN_INFINITE_RECURSION = YES;
				CLANG_WARN_INT_CONVERSION = YES;
				CLANG_WARN_NON_LITERAL_NULL_CONVERSION = YES;
				CLANG_WARN_OBJC_IMPLICIT_RETAIN_SELF = YES;
				CLANG_WARN_OBJC_LITERAL_CONVERSION = YES;
				CLANG_WARN_OBJC_ROOT_CLASS = YES_ERROR;
				CLANG_WARN_QUOTED_INCLUDE_IN_FRAMEWORK_HEADER = YES;
				CLANG_WARN_RANGE_LOOP_ANALYSIS = YES;
				CLANG_WARN_STRICT_PROTOTYPES = YES;
				CLANG_WARN_SUSPICIOUS_MOVE = YES;
				CLANG_WARN_UNGUARDED_AVAILABILITY = YES_AGGRESSIVE;
				CLANG_WARN_UNREACHABLE_CODE = YES;
				CLANG_WARN__DUPLICATE_METHOD_MATCH = YES;
				COPY_PHASE_STRIP = NO;
				DEBUG_INFORMATION_FORMAT = dwarf;
				ENABLE_STRICT_OBJC_MSGSEND = YES;
				ENABLE_TESTABILITY = YES;
				ENABLE_USER_SCRIPT_SANDBOXING = NO;
				GCC_C_LANGUAGE_STANDARD = gnu17;
				GCC_DYNAMIC_NO_PIC = NO;
				GCC_NO_COMMON_BLOCKS = YES;
				GCC_OPTIMIZATION_LEVEL = 0;
				GCC_PREPROCESSOR_DEFINITIONS = (
					"DEBUG=1",
					"$(inherited)",
				);
				GCC_WARN_64_TO_32_BIT_CONVERSION = YES;
				GCC_WARN_ABOUT_RETURN_TYPE = YES_ERROR;
				GCC_WARN_UNDECLARED_SELECTOR = YES;
				GCC_WARN_UNINITIALIZED_AUTOS = YES_AGGRESSIVE;
				GCC_WARN_UNUSED_FUNCTION = YES;
				GCC_WARN_UNUSED_VARIABLE = YES;
				IPHONEOS_DEPLOYMENT_TARGET = 16.4;
				LOCALIZATION_PREFERS_STRING_CATALOGS = YES;
				MTL_ENABLE_DEBUG_INFO = INCLUDE_SOURCE;
				MTL_FAST_MATH = YES;
				ONLY_ACTIVE_ARCH = YES;
				SDKROOT = iphoneos;
				SWIFT_ACTIVE_COMPILATION_CONDITIONS = "DEBUG $(inherited)";
				SWIFT_OPTIMIZATION_LEVEL = "-Onone";
			};
			name = Debug;
		};
		63CD89BA2ABD85C500E70A56 /* Release */ = {
			isa = XCBuildConfiguration;
			buildSettings = {
				ALWAYS_SEARCH_USER_PATHS = NO;
				ASSETCATALOG_COMPILER_GENERATE_SWIFT_ASSET_SYMBOL_EXTENSIONS = YES;
				CLANG_ANALYZER_NONNULL = YES;
				CLANG_ANALYZER_NUMBER_OBJECT_CONVERSION = YES_AGGRESSIVE;
				CLANG_CXX_LANGUAGE_STANDARD = "gnu++20";
				CLANG_ENABLE_MODULES = YES;
				CLANG_ENABLE_OBJC_ARC = YES;
				CLANG_ENABLE_OBJC_WEAK = YES;
				CLANG_WARN_BLOCK_CAPTURE_AUTORELEASING = YES;
				CLANG_WARN_BOOL_CONVERSION = YES;
				CLANG_WARN_COMMA = YES;
				CLANG_WARN_CONSTANT_CONVERSION = YES;
				CLANG_WARN_DEPRECATED_OBJC_IMPLEMENTATIONS = YES;
				CLANG_WARN_DIRECT_OBJC_ISA_USAGE = YES_ERROR;
				CLANG_WARN_DOCUMENTATION_COMMENTS = YES;
				CLANG_WARN_EMPTY_BODY = YES;
				CLANG_WARN_ENUM_CONVERSION = YES;
				CLANG_WARN_INFINITE_RECURSION = YES;
				CLANG_WARN_INT_CONVERSION = YES;
				CLANG_WARN_NON_LITERAL_NULL_CONVERSION = YES;
				CLANG_WARN_OBJC_IMPLICIT_RETAIN_SELF = YES;
				CLANG_WARN_OBJC_LITERAL_CONVERSION = YES;
				CLANG_WARN_OBJC_ROOT_CLASS = YES_ERROR;
				CLANG_WARN_QUOTED_INCLUDE_IN_FRAMEWORK_HEADER = YES;
				CLANG_WARN_RANGE_LOOP_ANALYSIS = YES;
				CLANG_WARN_STRICT_PROTOTYPES = YES;
				CLANG_WARN_SUSPICIOUS_MOVE = YES;
				CLANG_WARN_UNGUARDED_AVAILABILITY = YES_AGGRESSIVE;
				CLANG_WARN_UNREACHABLE_CODE = YES;
				CLANG_WARN__DUPLICATE_METHOD_MATCH = YES;
				COPY_PHASE_STRIP = NO;
				DEBUG_INFORMATION_FORMAT = "dwarf-with-dsym";
				ENABLE_NS_ASSERTIONS = NO;
				ENABLE_STRICT_OBJC_MSGSEND = YES;
				ENABLE_USER_SCRIPT_SANDBOXING = NO;
				GCC_C_LANGUAGE_STANDARD = gnu17;
				GCC_NO_COMMON_BLOCKS = YES;
				GCC_WARN_64_TO_32_BIT_CONVERSION = YES;
				GCC_WARN_ABOUT_RETURN_TYPE = YES_ERROR;
				GCC_WARN_UNDECLARED_SELECTOR = YES;
				GCC_WARN_UNINITIALIZED_AUTOS = YES_AGGRESSIVE;
				GCC_WARN_UNUSED_FUNCTION = YES;
				GCC_WARN_UNUSED_VARIABLE = YES;
				IPHONEOS_DEPLOYMENT_TARGET = 16.4;
				LOCALIZATION_PREFERS_STRING_CATALOGS = YES;
				MTL_ENABLE_DEBUG_INFO = NO;
				MTL_FAST_MATH = YES;
				SDKROOT = iphoneos;
				SWIFT_COMPILATION_MODE = wholemodule;
				VALIDATE_PRODUCT = YES;
			};
			name = Release;
		};
		63CD89BC2ABD85C500E70A56 /* Debug */ = {
			isa = XCBuildConfiguration;
			buildSettings = {
				ASSETCATALOG_COMPILER_APPICON_NAME = AppIcon;
				ASSETCATALOG_COMPILER_GLOBAL_ACCENT_COLOR_NAME = AccentColor;
				CODE_SIGN_IDENTITY = "Apple Development";
				CODE_SIGN_STYLE = Automatic;
				CURRENT_PROJECT_VERSION = 1;
				DEVELOPMENT_ASSET_PATHS = "\"YeDi/Preview Content\"";
				DEVELOPMENT_TEAM = 2QJX795Q3R;
				ENABLE_PREVIEWS = YES;
				GENERATE_INFOPLIST_FILE = YES;
				INFOPLIST_FILE = YeDi/Info.plist;
				INFOPLIST_KEY_NSLocationAlwaysAndWhenInUseUsageDescription = "이 앱은 위치 정보를 기반으로 서비스를 제공하므로 위치 권한을 요청드립니다.";
				INFOPLIST_KEY_NSLocationWhenInUseUsageDescription = "이 앱은 위치 정보를 기반으로 서비스를 제공하므로 위치 권한을 요청드립니다.";
				INFOPLIST_KEY_UIApplicationSceneManifest_Generation = YES;
				INFOPLIST_KEY_UIApplicationSupportsIndirectInputEvents = YES;
				INFOPLIST_KEY_UISupportedInterfaceOrientations = UIInterfaceOrientationPortrait;
				IPHONEOS_DEPLOYMENT_TARGET = 16.4;
				LD_RUNPATH_SEARCH_PATHS = (
					"$(inherited)",
					"@executable_path/Frameworks",
				);
				MARKETING_VERSION = 1.0;
				PRODUCT_BUNDLE_IDENTIFIER = com.iseungjun.YeDi;
				PRODUCT_NAME = "$(TARGET_NAME)";
				PROVISIONING_PROFILE_SPECIFIER = "";
				SWIFT_EMIT_LOC_STRINGS = YES;
				SWIFT_VERSION = 5.0;
				TARGETED_DEVICE_FAMILY = "1,2";
			};
			name = Debug;
		};
		63CD89BD2ABD85C500E70A56 /* Release */ = {
			isa = XCBuildConfiguration;
			buildSettings = {
				ASSETCATALOG_COMPILER_APPICON_NAME = AppIcon;
				ASSETCATALOG_COMPILER_GLOBAL_ACCENT_COLOR_NAME = AccentColor;
				CODE_SIGN_IDENTITY = "Apple Development";
				CODE_SIGN_STYLE = Automatic;
				CURRENT_PROJECT_VERSION = 1;
				DEVELOPMENT_ASSET_PATHS = "\"YeDi/Preview Content\"";
				DEVELOPMENT_TEAM = 2QJX795Q3R;
				ENABLE_PREVIEWS = YES;
				GENERATE_INFOPLIST_FILE = YES;
				INFOPLIST_FILE = YeDi/Info.plist;
				INFOPLIST_KEY_NSLocationAlwaysAndWhenInUseUsageDescription = "이 앱은 위치 정보를 기반으로 서비스를 제공하므로 위치 권한을 요청드립니다.";
				INFOPLIST_KEY_NSLocationWhenInUseUsageDescription = "이 앱은 위치 정보를 기반으로 서비스를 제공하므로 위치 권한을 요청드립니다.";
				INFOPLIST_KEY_UIApplicationSceneManifest_Generation = YES;
				INFOPLIST_KEY_UIApplicationSupportsIndirectInputEvents = YES;
				INFOPLIST_KEY_UISupportedInterfaceOrientations = UIInterfaceOrientationPortrait;
				IPHONEOS_DEPLOYMENT_TARGET = 16.4;
				LD_RUNPATH_SEARCH_PATHS = (
					"$(inherited)",
					"@executable_path/Frameworks",
				);
				MARKETING_VERSION = 1.0;
				PRODUCT_BUNDLE_IDENTIFIER = com.iseungjun.YeDi;
				PRODUCT_NAME = "$(TARGET_NAME)";
				PROVISIONING_PROFILE_SPECIFIER = "";
				SWIFT_EMIT_LOC_STRINGS = YES;
				SWIFT_VERSION = 5.0;
				TARGETED_DEVICE_FAMILY = "1,2";
			};
			name = Release;
		};
/* End XCBuildConfiguration section */

/* Begin XCConfigurationList section */
		63CD89A82ABD85C300E70A56 /* Build configuration list for PBXProject "YeDi" */ = {
			isa = XCConfigurationList;
			buildConfigurations = (
				63CD89B92ABD85C500E70A56 /* Debug */,
				63CD89BA2ABD85C500E70A56 /* Release */,
			);
			defaultConfigurationIsVisible = 0;
			defaultConfigurationName = Release;
		};
		63CD89BB2ABD85C500E70A56 /* Build configuration list for PBXNativeTarget "YeDi" */ = {
			isa = XCConfigurationList;
			buildConfigurations = (
				63CD89BC2ABD85C500E70A56 /* Debug */,
				63CD89BD2ABD85C500E70A56 /* Release */,
			);
			defaultConfigurationIsVisible = 0;
			defaultConfigurationName = Release;
		};
/* End XCConfigurationList section */

/* Begin XCRemoteSwiftPackageReference section */
		639DB6292AC10E44002692E5 /* XCRemoteSwiftPackageReference "firebase-ios-sdk" */ = {
			isa = XCRemoteSwiftPackageReference;
			repositoryURL = "https://github.com/firebase/firebase-ios-sdk";
			requirement = {
				kind = upToNextMajorVersion;
				minimumVersion = 10.15.0;
			};
		};
/* End XCRemoteSwiftPackageReference section */

/* Begin XCSwiftPackageProductDependency section */
		639DB6362AC10E44002692E5 /* FirebaseAuth */ = {
			isa = XCSwiftPackageProductDependency;
			package = 639DB6292AC10E44002692E5 /* XCRemoteSwiftPackageReference "firebase-ios-sdk" */;
			productName = FirebaseAuth;
		};
		639DB63E2AC10E44002692E5 /* FirebaseDatabaseSwift */ = {
			isa = XCSwiftPackageProductDependency;
			package = 639DB6292AC10E44002692E5 /* XCRemoteSwiftPackageReference "firebase-ios-sdk" */;
			productName = FirebaseDatabaseSwift;
		};
		639DB6422AC10E44002692E5 /* FirebaseFirestore */ = {
			isa = XCSwiftPackageProductDependency;
			package = 639DB6292AC10E44002692E5 /* XCRemoteSwiftPackageReference "firebase-ios-sdk" */;
			productName = FirebaseFirestore;
		};
		639DB6462AC10E44002692E5 /* FirebaseFirestoreSwift */ = {
			isa = XCSwiftPackageProductDependency;
			package = 639DB6292AC10E44002692E5 /* XCRemoteSwiftPackageReference "firebase-ios-sdk" */;
			productName = FirebaseFirestoreSwift;
		};
		639DB65C2AC10E44002692E5 /* FirebaseStorage */ = {
			isa = XCSwiftPackageProductDependency;
			package = 639DB6292AC10E44002692E5 /* XCRemoteSwiftPackageReference "firebase-ios-sdk" */;
			productName = FirebaseStorage;
		};
		9691C5CF2ADE549600434377 /* FirebaseDatabase */ = {
			isa = XCSwiftPackageProductDependency;
			package = 639DB6292AC10E44002692E5 /* XCRemoteSwiftPackageReference "firebase-ios-sdk" */;
			productName = FirebaseDatabase;
		};
/* End XCSwiftPackageProductDependency section */
	};
	rootObject = 63CD89A52ABD85C300E70A56 /* Project object */;
}
