// !$*UTF8*$!
{
	archiveVersion = 1;
	classes = {
	};
	objectVersion = 56;
	objects = {

/* Begin PBXBuildFile section */
		3B696FB62AC27763000EE92E /* SelectImageView.swift in Sources */ = {isa = PBXBuildFile; fileRef = 3B696FAF2AC27763000EE92E /* SelectImageView.swift */; };
		3B696FB72AC27763000EE92E /* ChatBubbleModifier.swift in Sources */ = {isa = PBXBuildFile; fileRef = 3B696FB12AC27763000EE92E /* ChatBubbleModifier.swift */; };
		3B696FB82AC27763000EE92E /* BoardBubbleCell.swift in Sources */ = {isa = PBXBuildFile; fileRef = 3B696FB22AC27763000EE92E /* BoardBubbleCell.swift */; };
		3B696FB92AC27763000EE92E /* ChatRoomView.swift in Sources */ = {isa = PBXBuildFile; fileRef = 3B696FB32AC27763000EE92E /* ChatRoomView.swift */; };
		3B696FBA2AC27763000EE92E /* ChatUtilityMenuView.swift in Sources */ = {isa = PBXBuildFile; fileRef = 3B696FB42AC27763000EE92E /* ChatUtilityMenuView.swift */; };
		3B696FBB2AC27763000EE92E /* ImageBubbleCell.swift in Sources */ = {isa = PBXBuildFile; fileRef = 3B696FB52AC27763000EE92E /* ImageBubbleCell.swift */; };
		3B696FBD2AC278C7000EE92E /* GoogleService-Info.plist in Resources */ = {isa = PBXBuildFile; fileRef = 3B696FBC2AC278C7000EE92E /* GoogleService-Info.plist */; };
		638C1BA42AC168FD0088E63F /* ChattingViewModel.swift in Sources */ = {isa = PBXBuildFile; fileRef = 638C1BA32AC168FD0088E63F /* ChattingViewModel.swift */; };
		638C1BAA2AC169050088E63F /* ChatRoom.swift in Sources */ = {isa = PBXBuildFile; fileRef = 638C1BA52AC169050088E63F /* ChatRoom.swift */; };
		638C1BAB2AC169050088E63F /* BoardBubble.swift in Sources */ = {isa = PBXBuildFile; fileRef = 638C1BA62AC169050088E63F /* BoardBubble.swift */; };
		638C1BAC2AC169050088E63F /* ImageBubble.swift in Sources */ = {isa = PBXBuildFile; fileRef = 638C1BA72AC169050088E63F /* ImageBubble.swift */; };
		638C1BAD2AC169050088E63F /* MessageType.swift in Sources */ = {isa = PBXBuildFile; fileRef = 638C1BA82AC169050088E63F /* MessageType.swift */; };
		638C1BAE2AC169050088E63F /* TextBubble.swift in Sources */ = {isa = PBXBuildFile; fileRef = 638C1BA92AC169050088E63F /* TextBubble.swift */; };
		639DB6332AC10E44002692E5 /* FirebaseAppCheck in Frameworks */ = {isa = PBXBuildFile; productRef = 639DB6322AC10E44002692E5 /* FirebaseAppCheck */; };
		639DB6352AC10E44002692E5 /* FirebaseAppDistribution-Beta in Frameworks */ = {isa = PBXBuildFile; productRef = 639DB6342AC10E44002692E5 /* FirebaseAppDistribution-Beta */; };
		639DB6372AC10E44002692E5 /* FirebaseAuth in Frameworks */ = {isa = PBXBuildFile; productRef = 639DB6362AC10E44002692E5 /* FirebaseAuth */; };
		639DB6392AC10E44002692E5 /* FirebaseAuthCombine-Community in Frameworks */ = {isa = PBXBuildFile; productRef = 639DB6382AC10E44002692E5 /* FirebaseAuthCombine-Community */; };
		639DB63B2AC10E44002692E5 /* FirebaseCrashlytics in Frameworks */ = {isa = PBXBuildFile; productRef = 639DB63A2AC10E44002692E5 /* FirebaseCrashlytics */; };
		639DB63D2AC10E44002692E5 /* FirebaseDatabase in Frameworks */ = {isa = PBXBuildFile; productRef = 639DB63C2AC10E44002692E5 /* FirebaseDatabase */; };
		639DB63F2AC10E44002692E5 /* FirebaseDatabaseSwift in Frameworks */ = {isa = PBXBuildFile; productRef = 639DB63E2AC10E44002692E5 /* FirebaseDatabaseSwift */; };
		639DB6412AC10E44002692E5 /* FirebaseDynamicLinks in Frameworks */ = {isa = PBXBuildFile; productRef = 639DB6402AC10E44002692E5 /* FirebaseDynamicLinks */; };
		639DB6432AC10E44002692E5 /* FirebaseFirestore in Frameworks */ = {isa = PBXBuildFile; productRef = 639DB6422AC10E44002692E5 /* FirebaseFirestore */; };
		639DB6452AC10E44002692E5 /* FirebaseFirestoreCombine-Community in Frameworks */ = {isa = PBXBuildFile; productRef = 639DB6442AC10E44002692E5 /* FirebaseFirestoreCombine-Community */; };
		639DB6472AC10E44002692E5 /* FirebaseFirestoreSwift in Frameworks */ = {isa = PBXBuildFile; productRef = 639DB6462AC10E44002692E5 /* FirebaseFirestoreSwift */; };
		639DB6492AC10E44002692E5 /* FirebaseFunctions in Frameworks */ = {isa = PBXBuildFile; productRef = 639DB6482AC10E44002692E5 /* FirebaseFunctions */; };
		639DB64B2AC10E44002692E5 /* FirebaseFunctionsCombine-Community in Frameworks */ = {isa = PBXBuildFile; productRef = 639DB64A2AC10E44002692E5 /* FirebaseFunctionsCombine-Community */; };
		639DB64D2AC10E44002692E5 /* FirebaseInAppMessaging-Beta in Frameworks */ = {isa = PBXBuildFile; productRef = 639DB64C2AC10E44002692E5 /* FirebaseInAppMessaging-Beta */; };
		639DB64F2AC10E44002692E5 /* FirebaseInAppMessagingSwift-Beta in Frameworks */ = {isa = PBXBuildFile; productRef = 639DB64E2AC10E44002692E5 /* FirebaseInAppMessagingSwift-Beta */; };
		639DB6512AC10E44002692E5 /* FirebaseInstallations in Frameworks */ = {isa = PBXBuildFile; productRef = 639DB6502AC10E44002692E5 /* FirebaseInstallations */; };
		639DB6532AC10E44002692E5 /* FirebaseMLModelDownloader in Frameworks */ = {isa = PBXBuildFile; productRef = 639DB6522AC10E44002692E5 /* FirebaseMLModelDownloader */; };
		639DB6552AC10E44002692E5 /* FirebaseMessaging in Frameworks */ = {isa = PBXBuildFile; productRef = 639DB6542AC10E44002692E5 /* FirebaseMessaging */; };
		639DB6572AC10E44002692E5 /* FirebasePerformance in Frameworks */ = {isa = PBXBuildFile; productRef = 639DB6562AC10E44002692E5 /* FirebasePerformance */; };
		639DB6592AC10E44002692E5 /* FirebaseRemoteConfig in Frameworks */ = {isa = PBXBuildFile; productRef = 639DB6582AC10E44002692E5 /* FirebaseRemoteConfig */; };
		639DB65B2AC10E44002692E5 /* FirebaseRemoteConfigSwift in Frameworks */ = {isa = PBXBuildFile; productRef = 639DB65A2AC10E44002692E5 /* FirebaseRemoteConfigSwift */; };
		639DB65D2AC10E44002692E5 /* FirebaseStorage in Frameworks */ = {isa = PBXBuildFile; productRef = 639DB65C2AC10E44002692E5 /* FirebaseStorage */; };
		639DB65F2AC10E44002692E5 /* FirebaseStorageCombine-Community in Frameworks */ = {isa = PBXBuildFile; productRef = 639DB65E2AC10E44002692E5 /* FirebaseStorageCombine-Community */; };
		639DB6612AC10F13002692E5 /* DesignerMainTabView.swift in Sources */ = {isa = PBXBuildFile; fileRef = 639DB6602AC10F13002692E5 /* DesignerMainTabView.swift */; };
		639DB6692AC10F7E002692E5 /* ClientMainTabView.swift in Sources */ = {isa = PBXBuildFile; fileRef = 639DB6682AC10F7E002692E5 /* ClientMainTabView.swift */; };
		639DB6702AC119FE002692E5 /* CMHomeView.swift in Sources */ = {isa = PBXBuildFile; fileRef = 639DB66F2AC119FE002692E5 /* CMHomeView.swift */; };
		639DB6722AC11A3A002692E5 /* CMFilterView.swift in Sources */ = {isa = PBXBuildFile; fileRef = 639DB6712AC11A3A002692E5 /* CMFilterView.swift */; };
		639DB6742AC11A46002692E5 /* CMReservationView.swift in Sources */ = {isa = PBXBuildFile; fileRef = 639DB6732AC11A46002692E5 /* CMReservationView.swift */; };
		639DB6762AC11A52002692E5 /* CMMainChattingView.swift in Sources */ = {isa = PBXBuildFile; fileRef = 639DB6752AC11A52002692E5 /* CMMainChattingView.swift */; };
		639DB6782AC11A5D002692E5 /* CMProfileView.swift in Sources */ = {isa = PBXBuildFile; fileRef = 639DB6772AC11A5D002692E5 /* CMProfileView.swift */; };
		639DB67A2AC11AC2002692E5 /* DMReviewView.swift in Sources */ = {isa = PBXBuildFile; fileRef = 639DB6792AC11AC2002692E5 /* DMReviewView.swift */; };
		639DB67E2AC11AF5002692E5 /* DMProfileView.swift in Sources */ = {isa = PBXBuildFile; fileRef = 639DB67D2AC11AF5002692E5 /* DMProfileView.swift */; };
		639DB6812AC11B21002692E5 /* DMMainChattingView.swift in Sources */ = {isa = PBXBuildFile; fileRef = 639DB6802AC11B21002692E5 /* DMMainChattingView.swift */; };
		639DB6842AC11B3B002692E5 /* DMReservationView.swift in Sources */ = {isa = PBXBuildFile; fileRef = 639DB6832AC11B3B002692E5 /* DMReservationView.swift */; };
		639DB6872AC11B56002692E5 /* DMPostView.swift in Sources */ = {isa = PBXBuildFile; fileRef = 639DB6862AC11B56002692E5 /* DMPostView.swift */; };
		63CD89B12ABD85C300E70A56 /* YeDiApp.swift in Sources */ = {isa = PBXBuildFile; fileRef = 63CD89B02ABD85C300E70A56 /* YeDiApp.swift */; };
		63CD89B32ABD85C300E70A56 /* ContentView.swift in Sources */ = {isa = PBXBuildFile; fileRef = 63CD89B22ABD85C300E70A56 /* ContentView.swift */; };
		63CD89B52ABD85C500E70A56 /* Assets.xcassets in Resources */ = {isa = PBXBuildFile; fileRef = 63CD89B42ABD85C500E70A56 /* Assets.xcassets */; };
		63CD89B82ABD85C500E70A56 /* Preview Assets.xcassets in Resources */ = {isa = PBXBuildFile; fileRef = 63CD89B72ABD85C500E70A56 /* Preview Assets.xcassets */; };
		DC2921972AC267A5001FEDFD /* ChatRoomView.swift in Sources */ = {isa = PBXBuildFile; fileRef = DC2921942AC267A4001FEDFD /* ChatRoomView.swift */; };
		DC2921982AC267A5001FEDFD /* BoardBubbleCell.swift in Sources */ = {isa = PBXBuildFile; fileRef = DC2921952AC267A4001FEDFD /* BoardBubbleCell.swift */; };
		DC2921992AC267A5001FEDFD /* ImageBubbleCell.swift in Sources */ = {isa = PBXBuildFile; fileRef = DC2921962AC267A5001FEDFD /* ImageBubbleCell.swift */; };
		DC29219E2AC267C3001FEDFD /* ChatBubbleModifier.swift in Sources */ = {isa = PBXBuildFile; fileRef = DC29219D2AC267C3001FEDFD /* ChatBubbleModifier.swift */; };
/* End PBXBuildFile section */

/* Begin PBXFileReference section */
		3B696FAF2AC27763000EE92E /* SelectImageView.swift */ = {isa = PBXFileReference; fileEncoding = 4; lastKnownFileType = sourcecode.swift; path = SelectImageView.swift; sourceTree = "<group>"; };
		3B696FB12AC27763000EE92E /* ChatBubbleModifier.swift */ = {isa = PBXFileReference; fileEncoding = 4; lastKnownFileType = sourcecode.swift; path = ChatBubbleModifier.swift; sourceTree = "<group>"; };
		3B696FB22AC27763000EE92E /* BoardBubbleCell.swift */ = {isa = PBXFileReference; fileEncoding = 4; lastKnownFileType = sourcecode.swift; path = BoardBubbleCell.swift; sourceTree = "<group>"; };
		3B696FB32AC27763000EE92E /* ChatRoomView.swift */ = {isa = PBXFileReference; fileEncoding = 4; lastKnownFileType = sourcecode.swift; path = ChatRoomView.swift; sourceTree = "<group>"; };
		3B696FB42AC27763000EE92E /* ChatUtilityMenuView.swift */ = {isa = PBXFileReference; fileEncoding = 4; lastKnownFileType = sourcecode.swift; path = ChatUtilityMenuView.swift; sourceTree = "<group>"; };
		3B696FB52AC27763000EE92E /* ImageBubbleCell.swift */ = {isa = PBXFileReference; fileEncoding = 4; lastKnownFileType = sourcecode.swift; path = ImageBubbleCell.swift; sourceTree = "<group>"; };
		3B696FBC2AC278C7000EE92E /* GoogleService-Info.plist */ = {isa = PBXFileReference; fileEncoding = 4; lastKnownFileType = text.plist.xml; name = "GoogleService-Info.plist"; path = "../../../../../Downloads/GoogleService-Info.plist"; sourceTree = "<group>"; };
		638C1BA32AC168FD0088E63F /* ChattingViewModel.swift */ = {isa = PBXFileReference; lastKnownFileType = sourcecode.swift; path = ChattingViewModel.swift; sourceTree = "<group>"; };
		638C1BA52AC169050088E63F /* ChatRoom.swift */ = {isa = PBXFileReference; fileEncoding = 4; lastKnownFileType = sourcecode.swift; path = ChatRoom.swift; sourceTree = "<group>"; };
		638C1BA62AC169050088E63F /* BoardBubble.swift */ = {isa = PBXFileReference; fileEncoding = 4; lastKnownFileType = sourcecode.swift; path = BoardBubble.swift; sourceTree = "<group>"; };
		638C1BA72AC169050088E63F /* ImageBubble.swift */ = {isa = PBXFileReference; fileEncoding = 4; lastKnownFileType = sourcecode.swift; path = ImageBubble.swift; sourceTree = "<group>"; };
		638C1BA82AC169050088E63F /* MessageType.swift */ = {isa = PBXFileReference; fileEncoding = 4; lastKnownFileType = sourcecode.swift; path = MessageType.swift; sourceTree = "<group>"; };
		638C1BA92AC169050088E63F /* TextBubble.swift */ = {isa = PBXFileReference; fileEncoding = 4; lastKnownFileType = sourcecode.swift; path = TextBubble.swift; sourceTree = "<group>"; };
		639DB6602AC10F13002692E5 /* DesignerMainTabView.swift */ = {isa = PBXFileReference; lastKnownFileType = sourcecode.swift; path = DesignerMainTabView.swift; sourceTree = "<group>"; };
		639DB6682AC10F7E002692E5 /* ClientMainTabView.swift */ = {isa = PBXFileReference; lastKnownFileType = sourcecode.swift; path = ClientMainTabView.swift; sourceTree = "<group>"; };
		639DB66F2AC119FE002692E5 /* CMHomeView.swift */ = {isa = PBXFileReference; lastKnownFileType = sourcecode.swift; path = CMHomeView.swift; sourceTree = "<group>"; };
		639DB6712AC11A3A002692E5 /* CMFilterView.swift */ = {isa = PBXFileReference; lastKnownFileType = sourcecode.swift; path = CMFilterView.swift; sourceTree = "<group>"; };
		639DB6732AC11A46002692E5 /* CMReservationView.swift */ = {isa = PBXFileReference; lastKnownFileType = sourcecode.swift; path = CMReservationView.swift; sourceTree = "<group>"; };
		639DB6752AC11A52002692E5 /* CMMainChattingView.swift */ = {isa = PBXFileReference; lastKnownFileType = sourcecode.swift; path = CMMainChattingView.swift; sourceTree = "<group>"; };
		639DB6772AC11A5D002692E5 /* CMProfileView.swift */ = {isa = PBXFileReference; lastKnownFileType = sourcecode.swift; path = CMProfileView.swift; sourceTree = "<group>"; };
		639DB6792AC11AC2002692E5 /* DMReviewView.swift */ = {isa = PBXFileReference; lastKnownFileType = sourcecode.swift; path = DMReviewView.swift; sourceTree = "<group>"; };
		639DB67D2AC11AF5002692E5 /* DMProfileView.swift */ = {isa = PBXFileReference; lastKnownFileType = sourcecode.swift; path = DMProfileView.swift; sourceTree = "<group>"; };
		639DB6802AC11B21002692E5 /* DMMainChattingView.swift */ = {isa = PBXFileReference; lastKnownFileType = sourcecode.swift; path = DMMainChattingView.swift; sourceTree = "<group>"; };
		639DB6832AC11B3B002692E5 /* DMReservationView.swift */ = {isa = PBXFileReference; lastKnownFileType = sourcecode.swift; path = DMReservationView.swift; sourceTree = "<group>"; };
		639DB6862AC11B56002692E5 /* DMPostView.swift */ = {isa = PBXFileReference; lastKnownFileType = sourcecode.swift; path = DMPostView.swift; sourceTree = "<group>"; };
		63CD89AD2ABD85C300E70A56 /* YeDi.app */ = {isa = PBXFileReference; explicitFileType = wrapper.application; includeInIndex = 0; path = YeDi.app; sourceTree = BUILT_PRODUCTS_DIR; };
		63CD89B02ABD85C300E70A56 /* YeDiApp.swift */ = {isa = PBXFileReference; lastKnownFileType = sourcecode.swift; path = YeDiApp.swift; sourceTree = "<group>"; };
		63CD89B22ABD85C300E70A56 /* ContentView.swift */ = {isa = PBXFileReference; lastKnownFileType = sourcecode.swift; path = ContentView.swift; sourceTree = "<group>"; };
		63CD89B42ABD85C500E70A56 /* Assets.xcassets */ = {isa = PBXFileReference; lastKnownFileType = folder.assetcatalog; path = Assets.xcassets; sourceTree = "<group>"; };
		63CD89B72ABD85C500E70A56 /* Preview Assets.xcassets */ = {isa = PBXFileReference; lastKnownFileType = folder.assetcatalog; path = "Preview Assets.xcassets"; sourceTree = "<group>"; };
		DC2921942AC267A4001FEDFD /* ChatRoomView.swift */ = {isa = PBXFileReference; fileEncoding = 4; lastKnownFileType = sourcecode.swift; path = ChatRoomView.swift; sourceTree = "<group>"; };
		DC2921952AC267A4001FEDFD /* BoardBubbleCell.swift */ = {isa = PBXFileReference; fileEncoding = 4; lastKnownFileType = sourcecode.swift; path = BoardBubbleCell.swift; sourceTree = "<group>"; };
		DC2921962AC267A5001FEDFD /* ImageBubbleCell.swift */ = {isa = PBXFileReference; fileEncoding = 4; lastKnownFileType = sourcecode.swift; path = ImageBubbleCell.swift; sourceTree = "<group>"; };
		DC29219D2AC267C3001FEDFD /* ChatBubbleModifier.swift */ = {isa = PBXFileReference; fileEncoding = 4; lastKnownFileType = sourcecode.swift; path = ChatBubbleModifier.swift; sourceTree = "<group>"; };
/* End PBXFileReference section */

/* Begin PBXFrameworksBuildPhase section */
		63CD89AA2ABD85C300E70A56 /* Frameworks */ = {
			isa = PBXFrameworksBuildPhase;
			buildActionMask = 2147483647;
			files = (
				639DB63D2AC10E44002692E5 /* FirebaseDatabase in Frameworks */,
				639DB64B2AC10E44002692E5 /* FirebaseFunctionsCombine-Community in Frameworks */,
				639DB6432AC10E44002692E5 /* FirebaseFirestore in Frameworks */,
				639DB6532AC10E44002692E5 /* FirebaseMLModelDownloader in Frameworks */,
				639DB6472AC10E44002692E5 /* FirebaseFirestoreSwift in Frameworks */,
				639DB6332AC10E44002692E5 /* FirebaseAppCheck in Frameworks */,
				639DB6372AC10E44002692E5 /* FirebaseAuth in Frameworks */,
				639DB63B2AC10E44002692E5 /* FirebaseCrashlytics in Frameworks */,
				639DB65B2AC10E44002692E5 /* FirebaseRemoteConfigSwift in Frameworks */,
				639DB64D2AC10E44002692E5 /* FirebaseInAppMessaging-Beta in Frameworks */,
				639DB63F2AC10E44002692E5 /* FirebaseDatabaseSwift in Frameworks */,
				639DB6492AC10E44002692E5 /* FirebaseFunctions in Frameworks */,
				639DB65F2AC10E44002692E5 /* FirebaseStorageCombine-Community in Frameworks */,
				639DB6592AC10E44002692E5 /* FirebaseRemoteConfig in Frameworks */,
				639DB6352AC10E44002692E5 /* FirebaseAppDistribution-Beta in Frameworks */,
				639DB6392AC10E44002692E5 /* FirebaseAuthCombine-Community in Frameworks */,
				639DB6572AC10E44002692E5 /* FirebasePerformance in Frameworks */,
				639DB64F2AC10E44002692E5 /* FirebaseInAppMessagingSwift-Beta in Frameworks */,
				639DB65D2AC10E44002692E5 /* FirebaseStorage in Frameworks */,
				639DB6412AC10E44002692E5 /* FirebaseDynamicLinks in Frameworks */,
				639DB6452AC10E44002692E5 /* FirebaseFirestoreCombine-Community in Frameworks */,
				639DB6552AC10E44002692E5 /* FirebaseMessaging in Frameworks */,
				639DB6512AC10E44002692E5 /* FirebaseInstallations in Frameworks */,
			);
			runOnlyForDeploymentPostprocessing = 0;
		};
/* End PBXFrameworksBuildPhase section */

/* Begin PBXGroup section */
		3B696FAE2AC27763000EE92E /* Chatting */ = {
			isa = PBXGroup;
			children = (
				3B696FAF2AC27763000EE92E /* SelectImageView.swift */,
				3B696FB02AC27763000EE92E /* Modifier */,
				3B696FB22AC27763000EE92E /* BoardBubbleCell.swift */,
				3B696FB32AC27763000EE92E /* ChatRoomView.swift */,
				3B696FB42AC27763000EE92E /* ChatUtilityMenuView.swift */,
				3B696FB52AC27763000EE92E /* ImageBubbleCell.swift */,
			);
			path = Chatting;
			sourceTree = "<group>";
		};
		3B696FB02AC27763000EE92E /* Modifier */ = {
			isa = PBXGroup;
			children = (
				3B696FB12AC27763000EE92E /* ChatBubbleModifier.swift */,
			);
			path = Modifier;
			sourceTree = "<group>";
		};
		6368CF622AC25F4A0074AD9F /* Chatting */ = {
			isa = PBXGroup;
			children = (
				638C1BA62AC169050088E63F /* BoardBubble.swift */,
				638C1BA52AC169050088E63F /* ChatRoom.swift */,
				638C1BA72AC169050088E63F /* ImageBubble.swift */,
				638C1BA82AC169050088E63F /* MessageType.swift */,
				638C1BA92AC169050088E63F /* TextBubble.swift */,
			);
			path = Chatting;
			sourceTree = "<group>";
		};
		638C1B9F2AC163520088E63F /* Shared */ = {
			isa = PBXGroup;
			children = (
				638C1BA12AC164590088E63F /* Model */,
				638C1BA22AC164620088E63F /* ViewModel */,
				638C1BA02AC164530088E63F /* View */,
			);
			path = Shared;
			sourceTree = "<group>";
		};
		638C1BA02AC164530088E63F /* View */ = {
			isa = PBXGroup;
			children = (
				DC2921932AC26773001FEDFD /* Chatting */,
			);
			path = View;
			sourceTree = "<group>";
		};
		638C1BA12AC164590088E63F /* Model */ = {
			isa = PBXGroup;
			children = (
				6368CF622AC25F4A0074AD9F /* Chatting */,
			);
			path = Model;
			sourceTree = "<group>";
		};
		638C1BA22AC164620088E63F /* ViewModel */ = {
			isa = PBXGroup;
			children = (
				638C1BA32AC168FD0088E63F /* ChattingViewModel.swift */,
			);
			path = ViewModel;
			sourceTree = "<group>";
		};
		639DB6272AC10DE3002692E5 /* Client */ = {
			isa = PBXGroup;
			children = (
				639DB6652AC10F3E002692E5 /* Model */,
				639DB6672AC10F4C002692E5 /* ViewModel */,
				639DB6662AC10F44002692E5 /* View */,
			);
			path = Client;
			sourceTree = "<group>";
		};
		639DB6282AC10DED002692E5 /* Designer */ = {
			isa = PBXGroup;
			children = (
				639DB6632AC10F1E002692E5 /* Model */,
				639DB6642AC10F27002692E5 /* ViewModel */,
				639DB6622AC10F19002692E5 /* View */,
				639DB6602AC10F13002692E5 /* DesignerMainTabView.swift */,
			);
			path = Designer;
			sourceTree = "<group>";
		};
		639DB6622AC10F19002692E5 /* View */ = {
			isa = PBXGroup;
			children = (
				639DB67B2AC11AD5002692E5 /* DMReview */,
				639DB6852AC11B4A002692E5 /* DMPostView */,
				639DB6822AC11B29002692E5 /* DMReservationView */,
				639DB67F2AC11B17002692E5 /* DMChattingView */,
				639DB67C2AC11AE7002692E5 /* ProfileView */,
			);
			path = View;
			sourceTree = "<group>";
		};
		639DB6632AC10F1E002692E5 /* Model */ = {
			isa = PBXGroup;
			children = (
			);
			path = Model;
			sourceTree = "<group>";
		};
		639DB6642AC10F27002692E5 /* ViewModel */ = {
			isa = PBXGroup;
			children = (
			);
			path = ViewModel;
			sourceTree = "<group>";
		};
		639DB6652AC10F3E002692E5 /* Model */ = {
			isa = PBXGroup;
			children = (
			);
			path = Model;
			sourceTree = "<group>";
		};
		639DB6662AC10F44002692E5 /* View */ = {
			isa = PBXGroup;
			children = (
				639DB6682AC10F7E002692E5 /* ClientMainTabView.swift */,
				639DB66A2AC1196C002692E5 /* CMHome */,
				639DB66B2AC119B0002692E5 /* CMFilter */,
				639DB66C2AC119BD002692E5 /* CMReservation */,
				639DB66D2AC119D0002692E5 /* CMChatting */,
				639DB66E2AC119DC002692E5 /* CMProfile */,
			);
			path = View;
			sourceTree = "<group>";
		};
		639DB6672AC10F4C002692E5 /* ViewModel */ = {
			isa = PBXGroup;
			children = (
			);
			path = ViewModel;
			sourceTree = "<group>";
		};
		639DB66A2AC1196C002692E5 /* CMHome */ = {
			isa = PBXGroup;
			children = (
				639DB66F2AC119FE002692E5 /* CMHomeView.swift */,
			);
			path = CMHome;
			sourceTree = "<group>";
		};
		639DB66B2AC119B0002692E5 /* CMFilter */ = {
			isa = PBXGroup;
			children = (
				639DB6712AC11A3A002692E5 /* CMFilterView.swift */,
			);
			path = CMFilter;
			sourceTree = "<group>";
		};
		639DB66C2AC119BD002692E5 /* CMReservation */ = {
			isa = PBXGroup;
			children = (
				639DB6732AC11A46002692E5 /* CMReservationView.swift */,
			);
			path = CMReservation;
			sourceTree = "<group>";
		};
		639DB66D2AC119D0002692E5 /* CMChatting */ = {
			isa = PBXGroup;
			children = (
				639DB6752AC11A52002692E5 /* CMMainChattingView.swift */,
			);
			path = CMChatting;
			sourceTree = "<group>";
		};
		639DB66E2AC119DC002692E5 /* CMProfile */ = {
			isa = PBXGroup;
			children = (
				639DB6772AC11A5D002692E5 /* CMProfileView.swift */,
			);
			path = CMProfile;
			sourceTree = "<group>";
		};
		639DB67B2AC11AD5002692E5 /* DMReview */ = {
			isa = PBXGroup;
			children = (
				639DB6792AC11AC2002692E5 /* DMReviewView.swift */,
			);
			path = DMReview;
			sourceTree = "<group>";
		};
		639DB67C2AC11AE7002692E5 /* ProfileView */ = {
			isa = PBXGroup;
			children = (
				639DB67D2AC11AF5002692E5 /* DMProfileView.swift */,
			);
			path = ProfileView;
			sourceTree = "<group>";
		};
		639DB67F2AC11B17002692E5 /* DMChattingView */ = {
			isa = PBXGroup;
			children = (
				639DB6802AC11B21002692E5 /* DMMainChattingView.swift */,
			);
			path = DMChattingView;
			sourceTree = "<group>";
		};
		639DB6822AC11B29002692E5 /* DMReservationView */ = {
			isa = PBXGroup;
			children = (
				639DB6832AC11B3B002692E5 /* DMReservationView.swift */,
			);
			path = DMReservationView;
			sourceTree = "<group>";
		};
		639DB6852AC11B4A002692E5 /* DMPostView */ = {
			isa = PBXGroup;
			children = (
				639DB6862AC11B56002692E5 /* DMPostView.swift */,
			);
			path = DMPostView;
			sourceTree = "<group>";
		};
		63CD89A42ABD85C300E70A56 = {
			isa = PBXGroup;
			children = (
				63CD89AF2ABD85C300E70A56 /* YeDi */,
				63CD89AE2ABD85C300E70A56 /* Products */,
			);
			sourceTree = "<group>";
		};
		63CD89AE2ABD85C300E70A56 /* Products */ = {
			isa = PBXGroup;
			children = (
				63CD89AD2ABD85C300E70A56 /* YeDi.app */,
			);
			name = Products;
			sourceTree = "<group>";
		};
		63CD89AF2ABD85C300E70A56 /* YeDi */ = {
			isa = PBXGroup;
			children = (
				3B696FBC2AC278C7000EE92E /* GoogleService-Info.plist */,
				638C1B9F2AC163520088E63F /* Shared */,
				639DB6272AC10DE3002692E5 /* Client */,
				639DB6282AC10DED002692E5 /* Designer */,
				63CD89B02ABD85C300E70A56 /* YeDiApp.swift */,
				63CD89B22ABD85C300E70A56 /* ContentView.swift */,
				63CD89B42ABD85C500E70A56 /* Assets.xcassets */,
				63CD89B62ABD85C500E70A56 /* Preview Content */,
			);
			path = YeDi;
			sourceTree = "<group>";
		};
		63CD89B62ABD85C500E70A56 /* Preview Content */ = {
			isa = PBXGroup;
			children = (
				63CD89B72ABD85C500E70A56 /* Preview Assets.xcassets */,
			);
			path = "Preview Content";
			sourceTree = "<group>";
		};
		DC2921932AC26773001FEDFD /* Chatting */ = {
			isa = PBXGroup;
			children = (
				DC29219C2AC267BA001FEDFD /* Modifier */,
				DC2921952AC267A4001FEDFD /* BoardBubbleCell.swift */,
				DC2921942AC267A4001FEDFD /* ChatRoomView.swift */,
				DC2921962AC267A5001FEDFD /* ImageBubbleCell.swift */,
			);
			path = Chatting;
			sourceTree = "<group>";
		};
		DC29219C2AC267BA001FEDFD /* Modifier */ = {
			isa = PBXGroup;
			children = (
				DC29219D2AC267C3001FEDFD /* ChatBubbleModifier.swift */,
			);
			path = Modifier;
			sourceTree = "<group>";
		};
/* End PBXGroup section */

/* Begin PBXNativeTarget section */
		63CD89AC2ABD85C300E70A56 /* YeDi */ = {
			isa = PBXNativeTarget;
			buildConfigurationList = 63CD89BB2ABD85C500E70A56 /* Build configuration list for PBXNativeTarget "YeDi" */;
			buildPhases = (
				63CD89A92ABD85C300E70A56 /* Sources */,
				63CD89AA2ABD85C300E70A56 /* Frameworks */,
				63CD89AB2ABD85C300E70A56 /* Resources */,
			);
			buildRules = (
			);
			dependencies = (
			);
			name = YeDi;
			packageProductDependencies = (
				639DB6322AC10E44002692E5 /* FirebaseAppCheck */,
				639DB6342AC10E44002692E5 /* FirebaseAppDistribution-Beta */,
				639DB6362AC10E44002692E5 /* FirebaseAuth */,
				639DB6382AC10E44002692E5 /* FirebaseAuthCombine-Community */,
				639DB63A2AC10E44002692E5 /* FirebaseCrashlytics */,
				639DB63C2AC10E44002692E5 /* FirebaseDatabase */,
				639DB63E2AC10E44002692E5 /* FirebaseDatabaseSwift */,
				639DB6402AC10E44002692E5 /* FirebaseDynamicLinks */,
				639DB6422AC10E44002692E5 /* FirebaseFirestore */,
				639DB6442AC10E44002692E5 /* FirebaseFirestoreCombine-Community */,
				639DB6462AC10E44002692E5 /* FirebaseFirestoreSwift */,
				639DB6482AC10E44002692E5 /* FirebaseFunctions */,
				639DB64A2AC10E44002692E5 /* FirebaseFunctionsCombine-Community */,
				639DB64C2AC10E44002692E5 /* FirebaseInAppMessaging-Beta */,
				639DB64E2AC10E44002692E5 /* FirebaseInAppMessagingSwift-Beta */,
				639DB6502AC10E44002692E5 /* FirebaseInstallations */,
				639DB6522AC10E44002692E5 /* FirebaseMLModelDownloader */,
				639DB6542AC10E44002692E5 /* FirebaseMessaging */,
				639DB6562AC10E44002692E5 /* FirebasePerformance */,
				639DB6582AC10E44002692E5 /* FirebaseRemoteConfig */,
				639DB65A2AC10E44002692E5 /* FirebaseRemoteConfigSwift */,
				639DB65C2AC10E44002692E5 /* FirebaseStorage */,
				639DB65E2AC10E44002692E5 /* FirebaseStorageCombine-Community */,
			);
			productName = YeDi;
			productReference = 63CD89AD2ABD85C300E70A56 /* YeDi.app */;
			productType = "com.apple.product-type.application";
		};
/* End PBXNativeTarget section */

/* Begin PBXProject section */
		63CD89A52ABD85C300E70A56 /* Project object */ = {
			isa = PBXProject;
			attributes = {
				BuildIndependentTargetsInParallel = 1;
				LastSwiftUpdateCheck = 1500;
				LastUpgradeCheck = 1500;
				TargetAttributes = {
					63CD89AC2ABD85C300E70A56 = {
						CreatedOnToolsVersion = 15.0;
					};
				};
			};
			buildConfigurationList = 63CD89A82ABD85C300E70A56 /* Build configuration list for PBXProject "YeDi" */;
			compatibilityVersion = "Xcode 14.0";
			developmentRegion = en;
			hasScannedForEncodings = 0;
			knownRegions = (
				en,
				Base,
			);
			mainGroup = 63CD89A42ABD85C300E70A56;
			packageReferences = (
				639DB6292AC10E44002692E5 /* XCRemoteSwiftPackageReference "firebase-ios-sdk" */,
			);
			productRefGroup = 63CD89AE2ABD85C300E70A56 /* Products */;
			projectDirPath = "";
			projectRoot = "";
			targets = (
				63CD89AC2ABD85C300E70A56 /* YeDi */,
			);
		};
/* End PBXProject section */

/* Begin PBXResourcesBuildPhase section */
		63CD89AB2ABD85C300E70A56 /* Resources */ = {
			isa = PBXResourcesBuildPhase;
			buildActionMask = 2147483647;
			files = (
				63CD89B82ABD85C500E70A56 /* Preview Assets.xcassets in Resources */,
				63CD89B52ABD85C500E70A56 /* Assets.xcassets in Resources */,
				3B696FBD2AC278C7000EE92E /* GoogleService-Info.plist in Resources */,
			);
			runOnlyForDeploymentPostprocessing = 0;
		};
/* End PBXResourcesBuildPhase section */

/* Begin PBXSourcesBuildPhase section */
		63CD89A92ABD85C300E70A56 /* Sources */ = {
			isa = PBXSourcesBuildPhase;
			buildActionMask = 2147483647;
			files = (
				638C1BAE2AC169050088E63F /* TextBubble.swift in Sources */,
				638C1BA42AC168FD0088E63F /* ChattingViewModel.swift in Sources */,
				3B696FB72AC27763000EE92E /* ChatBubbleModifier.swift in Sources */,
				639DB6722AC11A3A002692E5 /* CMFilterView.swift in Sources */,
				3B696FB92AC27763000EE92E /* ChatRoomView.swift in Sources */,
				639DB6692AC10F7E002692E5 /* ClientMainTabView.swift in Sources */,
				638C1BAC2AC169050088E63F /* ImageBubble.swift in Sources */,
				639DB6812AC11B21002692E5 /* DMMainChattingView.swift in Sources */,
				DC2921982AC267A5001FEDFD /* BoardBubbleCell.swift in Sources */,
				638C1BAD2AC169050088E63F /* MessageType.swift in Sources */,
				639DB6872AC11B56002692E5 /* DMPostView.swift in Sources */,
				639DB6742AC11A46002692E5 /* CMReservationView.swift in Sources */,
				638C1BAA2AC169050088E63F /* ChatRoom.swift in Sources */,
				639DB6842AC11B3B002692E5 /* DMReservationView.swift in Sources */,
				DC2921972AC267A5001FEDFD /* ChatRoomView.swift in Sources */,
				639DB6782AC11A5D002692E5 /* CMProfileView.swift in Sources */,
				3B696FBB2AC27763000EE92E /* ImageBubbleCell.swift in Sources */,
				3B696FB82AC27763000EE92E /* BoardBubbleCell.swift in Sources */,
				DC29219E2AC267C3001FEDFD /* ChatBubbleModifier.swift in Sources */,
				639DB6702AC119FE002692E5 /* CMHomeView.swift in Sources */,
				639DB67A2AC11AC2002692E5 /* DMReviewView.swift in Sources */,
				639DB6762AC11A52002692E5 /* CMMainChattingView.swift in Sources */,
				3B696FBA2AC27763000EE92E /* ChatUtilityMenuView.swift in Sources */,
				63CD89B32ABD85C300E70A56 /* ContentView.swift in Sources */,
				3B696FB62AC27763000EE92E /* SelectImageView.swift in Sources */,
				63CD89B12ABD85C300E70A56 /* YeDiApp.swift in Sources */,
				638C1BAB2AC169050088E63F /* BoardBubble.swift in Sources */,
				639DB6612AC10F13002692E5 /* DesignerMainTabView.swift in Sources */,
				DC2921992AC267A5001FEDFD /* ImageBubbleCell.swift in Sources */,
				639DB67E2AC11AF5002692E5 /* DMProfileView.swift in Sources */,
			);
			runOnlyForDeploymentPostprocessing = 0;
		};
/* End PBXSourcesBuildPhase section */

/* Begin XCBuildConfiguration section */
		63CD89B92ABD85C500E70A56 /* Debug */ = {
			isa = XCBuildConfiguration;
			buildSettings = {
				ALWAYS_SEARCH_USER_PATHS = NO;
				ASSETCATALOG_COMPILER_GENERATE_SWIFT_ASSET_SYMBOL_EXTENSIONS = YES;
				CLANG_ANALYZER_NONNULL = YES;
				CLANG_ANALYZER_NUMBER_OBJECT_CONVERSION = YES_AGGRESSIVE;
				CLANG_CXX_LANGUAGE_STANDARD = "gnu++20";
				CLANG_ENABLE_MODULES = YES;
				CLANG_ENABLE_OBJC_ARC = YES;
				CLANG_ENABLE_OBJC_WEAK = YES;
				CLANG_WARN_BLOCK_CAPTURE_AUTORELEASING = YES;
				CLANG_WARN_BOOL_CONVERSION = YES;
				CLANG_WARN_COMMA = YES;
				CLANG_WARN_CONSTANT_CONVERSION = YES;
				CLANG_WARN_DEPRECATED_OBJC_IMPLEMENTATIONS = YES;
				CLANG_WARN_DIRECT_OBJC_ISA_USAGE = YES_ERROR;
				CLANG_WARN_DOCUMENTATION_COMMENTS = YES;
				CLANG_WARN_EMPTY_BODY = YES;
				CLANG_WARN_ENUM_CONVERSION = YES;
				CLANG_WARN_INFINITE_RECURSION = YES;
				CLANG_WARN_INT_CONVERSION = YES;
				CLANG_WARN_NON_LITERAL_NULL_CONVERSION = YES;
				CLANG_WARN_OBJC_IMPLICIT_RETAIN_SELF = YES;
				CLANG_WARN_OBJC_LITERAL_CONVERSION = YES;
				CLANG_WARN_OBJC_ROOT_CLASS = YES_ERROR;
				CLANG_WARN_QUOTED_INCLUDE_IN_FRAMEWORK_HEADER = YES;
				CLANG_WARN_RANGE_LOOP_ANALYSIS = YES;
				CLANG_WARN_STRICT_PROTOTYPES = YES;
				CLANG_WARN_SUSPICIOUS_MOVE = YES;
				CLANG_WARN_UNGUARDED_AVAILABILITY = YES_AGGRESSIVE;
				CLANG_WARN_UNREACHABLE_CODE = YES;
				CLANG_WARN__DUPLICATE_METHOD_MATCH = YES;
				COPY_PHASE_STRIP = NO;
				DEBUG_INFORMATION_FORMAT = dwarf;
				ENABLE_STRICT_OBJC_MSGSEND = YES;
				ENABLE_TESTABILITY = YES;
				ENABLE_USER_SCRIPT_SANDBOXING = YES;
				GCC_C_LANGUAGE_STANDARD = gnu17;
				GCC_DYNAMIC_NO_PIC = NO;
				GCC_NO_COMMON_BLOCKS = YES;
				GCC_OPTIMIZATION_LEVEL = 0;
				GCC_PREPROCESSOR_DEFINITIONS = (
					"DEBUG=1",
					"$(inherited)",
				);
				GCC_WARN_64_TO_32_BIT_CONVERSION = YES;
				GCC_WARN_ABOUT_RETURN_TYPE = YES_ERROR;
				GCC_WARN_UNDECLARED_SELECTOR = YES;
				GCC_WARN_UNINITIALIZED_AUTOS = YES_AGGRESSIVE;
				GCC_WARN_UNUSED_FUNCTION = YES;
				GCC_WARN_UNUSED_VARIABLE = YES;
				IPHONEOS_DEPLOYMENT_TARGET = 17.0;
				LOCALIZATION_PREFERS_STRING_CATALOGS = YES;
				MTL_ENABLE_DEBUG_INFO = INCLUDE_SOURCE;
				MTL_FAST_MATH = YES;
				ONLY_ACTIVE_ARCH = YES;
				SDKROOT = iphoneos;
				SWIFT_ACTIVE_COMPILATION_CONDITIONS = "DEBUG $(inherited)";
				SWIFT_OPTIMIZATION_LEVEL = "-Onone";
			};
			name = Debug;
		};
		63CD89BA2ABD85C500E70A56 /* Release */ = {
			isa = XCBuildConfiguration;
			buildSettings = {
				ALWAYS_SEARCH_USER_PATHS = NO;
				ASSETCATALOG_COMPILER_GENERATE_SWIFT_ASSET_SYMBOL_EXTENSIONS = YES;
				CLANG_ANALYZER_NONNULL = YES;
				CLANG_ANALYZER_NUMBER_OBJECT_CONVERSION = YES_AGGRESSIVE;
				CLANG_CXX_LANGUAGE_STANDARD = "gnu++20";
				CLANG_ENABLE_MODULES = YES;
				CLANG_ENABLE_OBJC_ARC = YES;
				CLANG_ENABLE_OBJC_WEAK = YES;
				CLANG_WARN_BLOCK_CAPTURE_AUTORELEASING = YES;
				CLANG_WARN_BOOL_CONVERSION = YES;
				CLANG_WARN_COMMA = YES;
				CLANG_WARN_CONSTANT_CONVERSION = YES;
				CLANG_WARN_DEPRECATED_OBJC_IMPLEMENTATIONS = YES;
				CLANG_WARN_DIRECT_OBJC_ISA_USAGE = YES_ERROR;
				CLANG_WARN_DOCUMENTATION_COMMENTS = YES;
				CLANG_WARN_EMPTY_BODY = YES;
				CLANG_WARN_ENUM_CONVERSION = YES;
				CLANG_WARN_INFINITE_RECURSION = YES;
				CLANG_WARN_INT_CONVERSION = YES;
				CLANG_WARN_NON_LITERAL_NULL_CONVERSION = YES;
				CLANG_WARN_OBJC_IMPLICIT_RETAIN_SELF = YES;
				CLANG_WARN_OBJC_LITERAL_CONVERSION = YES;
				CLANG_WARN_OBJC_ROOT_CLASS = YES_ERROR;
				CLANG_WARN_QUOTED_INCLUDE_IN_FRAMEWORK_HEADER = YES;
				CLANG_WARN_RANGE_LOOP_ANALYSIS = YES;
				CLANG_WARN_STRICT_PROTOTYPES = YES;
				CLANG_WARN_SUSPICIOUS_MOVE = YES;
				CLANG_WARN_UNGUARDED_AVAILABILITY = YES_AGGRESSIVE;
				CLANG_WARN_UNREACHABLE_CODE = YES;
				CLANG_WARN__DUPLICATE_METHOD_MATCH = YES;
				COPY_PHASE_STRIP = NO;
				DEBUG_INFORMATION_FORMAT = "dwarf-with-dsym";
				ENABLE_NS_ASSERTIONS = NO;
				ENABLE_STRICT_OBJC_MSGSEND = YES;
				ENABLE_USER_SCRIPT_SANDBOXING = YES;
				GCC_C_LANGUAGE_STANDARD = gnu17;
				GCC_NO_COMMON_BLOCKS = YES;
				GCC_WARN_64_TO_32_BIT_CONVERSION = YES;
				GCC_WARN_ABOUT_RETURN_TYPE = YES_ERROR;
				GCC_WARN_UNDECLARED_SELECTOR = YES;
				GCC_WARN_UNINITIALIZED_AUTOS = YES_AGGRESSIVE;
				GCC_WARN_UNUSED_FUNCTION = YES;
				GCC_WARN_UNUSED_VARIABLE = YES;
				IPHONEOS_DEPLOYMENT_TARGET = 17.0;
				LOCALIZATION_PREFERS_STRING_CATALOGS = YES;
				MTL_ENABLE_DEBUG_INFO = NO;
				MTL_FAST_MATH = YES;
				SDKROOT = iphoneos;
				SWIFT_COMPILATION_MODE = wholemodule;
				VALIDATE_PRODUCT = YES;
			};
			name = Release;
		};
		63CD89BC2ABD85C500E70A56 /* Debug */ = {
			isa = XCBuildConfiguration;
			buildSettings = {
				ASSETCATALOG_COMPILER_APPICON_NAME = AppIcon;
				ASSETCATALOG_COMPILER_GLOBAL_ACCENT_COLOR_NAME = AccentColor;
				CODE_SIGN_STYLE = Automatic;
				CURRENT_PROJECT_VERSION = 1;
				DEVELOPMENT_ASSET_PATHS = "\"YeDi/Preview Content\"";
				DEVELOPMENT_TEAM = 2QJX795Q3R;
				ENABLE_PREVIEWS = YES;
				GENERATE_INFOPLIST_FILE = YES;
				INFOPLIST_KEY_UIApplicationSceneManifest_Generation = YES;
				INFOPLIST_KEY_UIApplicationSupportsIndirectInputEvents = YES;
				INFOPLIST_KEY_UILaunchScreen_Generation = YES;
				INFOPLIST_KEY_UISupportedInterfaceOrientations_iPad = "UIInterfaceOrientationPortrait UIInterfaceOrientationPortraitUpsideDown UIInterfaceOrientationLandscapeLeft UIInterfaceOrientationLandscapeRight";
				INFOPLIST_KEY_UISupportedInterfaceOrientations_iPhone = "UIInterfaceOrientationPortrait UIInterfaceOrientationLandscapeLeft UIInterfaceOrientationLandscapeRight";
				IPHONEOS_DEPLOYMENT_TARGET = 16.0;
				LD_RUNPATH_SEARCH_PATHS = (
					"$(inherited)",
					"@executable_path/Frameworks",
				);
				MARKETING_VERSION = 1.0;
				PRODUCT_BUNDLE_IDENTIFIER = com.iseungjun.YeDi;
				PRODUCT_NAME = "$(TARGET_NAME)";
				SWIFT_EMIT_LOC_STRINGS = YES;
				SWIFT_VERSION = 5.0;
				TARGETED_DEVICE_FAMILY = "1,2";
			};
			name = Debug;
		};
		63CD89BD2ABD85C500E70A56 /* Release */ = {
			isa = XCBuildConfiguration;
			buildSettings = {
				ASSETCATALOG_COMPILER_APPICON_NAME = AppIcon;
				ASSETCATALOG_COMPILER_GLOBAL_ACCENT_COLOR_NAME = AccentColor;
				CODE_SIGN_STYLE = Automatic;
				CURRENT_PROJECT_VERSION = 1;
				DEVELOPMENT_ASSET_PATHS = "\"YeDi/Preview Content\"";
				DEVELOPMENT_TEAM = 2QJX795Q3R;
				ENABLE_PREVIEWS = YES;
				GENERATE_INFOPLIST_FILE = YES;
				INFOPLIST_KEY_UIApplicationSceneManifest_Generation = YES;
				INFOPLIST_KEY_UIApplicationSupportsIndirectInputEvents = YES;
				INFOPLIST_KEY_UILaunchScreen_Generation = YES;
				INFOPLIST_KEY_UISupportedInterfaceOrientations_iPad = "UIInterfaceOrientationPortrait UIInterfaceOrientationPortraitUpsideDown UIInterfaceOrientationLandscapeLeft UIInterfaceOrientationLandscapeRight";
				INFOPLIST_KEY_UISupportedInterfaceOrientations_iPhone = "UIInterfaceOrientationPortrait UIInterfaceOrientationLandscapeLeft UIInterfaceOrientationLandscapeRight";
				IPHONEOS_DEPLOYMENT_TARGET = 16.0;
				LD_RUNPATH_SEARCH_PATHS = (
					"$(inherited)",
					"@executable_path/Frameworks",
				);
				MARKETING_VERSION = 1.0;
				PRODUCT_BUNDLE_IDENTIFIER = com.iseungjun.YeDi;
				PRODUCT_NAME = "$(TARGET_NAME)";
				SWIFT_EMIT_LOC_STRINGS = YES;
				SWIFT_VERSION = 5.0;
				TARGETED_DEVICE_FAMILY = "1,2";
			};
			name = Release;
		};
/* End XCBuildConfiguration section */

/* Begin XCConfigurationList section */
		63CD89A82ABD85C300E70A56 /* Build configuration list for PBXProject "YeDi" */ = {
			isa = XCConfigurationList;
			buildConfigurations = (
				63CD89B92ABD85C500E70A56 /* Debug */,
				63CD89BA2ABD85C500E70A56 /* Release */,
			);
			defaultConfigurationIsVisible = 0;
			defaultConfigurationName = Release;
		};
		63CD89BB2ABD85C500E70A56 /* Build configuration list for PBXNativeTarget "YeDi" */ = {
			isa = XCConfigurationList;
			buildConfigurations = (
				63CD89BC2ABD85C500E70A56 /* Debug */,
				63CD89BD2ABD85C500E70A56 /* Release */,
			);
			defaultConfigurationIsVisible = 0;
			defaultConfigurationName = Release;
		};
/* End XCConfigurationList section */

/* Begin XCRemoteSwiftPackageReference section */
		639DB6292AC10E44002692E5 /* XCRemoteSwiftPackageReference "firebase-ios-sdk" */ = {
			isa = XCRemoteSwiftPackageReference;
			repositoryURL = "https://github.com/firebase/firebase-ios-sdk";
			requirement = {
				kind = upToNextMajorVersion;
				minimumVersion = 10.15.0;
			};
		};
/* End XCRemoteSwiftPackageReference section */

/* Begin XCSwiftPackageProductDependency section */
		639DB6322AC10E44002692E5 /* FirebaseAppCheck */ = {
			isa = XCSwiftPackageProductDependency;
			package = 639DB6292AC10E44002692E5 /* XCRemoteSwiftPackageReference "firebase-ios-sdk" */;
			productName = FirebaseAppCheck;
		};
		639DB6342AC10E44002692E5 /* FirebaseAppDistribution-Beta */ = {
			isa = XCSwiftPackageProductDependency;
			package = 639DB6292AC10E44002692E5 /* XCRemoteSwiftPackageReference "firebase-ios-sdk" */;
			productName = "FirebaseAppDistribution-Beta";
		};
		639DB6362AC10E44002692E5 /* FirebaseAuth */ = {
			isa = XCSwiftPackageProductDependency;
			package = 639DB6292AC10E44002692E5 /* XCRemoteSwiftPackageReference "firebase-ios-sdk" */;
			productName = FirebaseAuth;
		};
		639DB6382AC10E44002692E5 /* FirebaseAuthCombine-Community */ = {
			isa = XCSwiftPackageProductDependency;
			package = 639DB6292AC10E44002692E5 /* XCRemoteSwiftPackageReference "firebase-ios-sdk" */;
			productName = "FirebaseAuthCombine-Community";
		};
		639DB63A2AC10E44002692E5 /* FirebaseCrashlytics */ = {
			isa = XCSwiftPackageProductDependency;
			package = 639DB6292AC10E44002692E5 /* XCRemoteSwiftPackageReference "firebase-ios-sdk" */;
			productName = FirebaseCrashlytics;
		};
		639DB63C2AC10E44002692E5 /* FirebaseDatabase */ = {
			isa = XCSwiftPackageProductDependency;
			package = 639DB6292AC10E44002692E5 /* XCRemoteSwiftPackageReference "firebase-ios-sdk" */;
			productName = FirebaseDatabase;
		};
		639DB63E2AC10E44002692E5 /* FirebaseDatabaseSwift */ = {
			isa = XCSwiftPackageProductDependency;
			package = 639DB6292AC10E44002692E5 /* XCRemoteSwiftPackageReference "firebase-ios-sdk" */;
			productName = FirebaseDatabaseSwift;
		};
		639DB6402AC10E44002692E5 /* FirebaseDynamicLinks */ = {
			isa = XCSwiftPackageProductDependency;
			package = 639DB6292AC10E44002692E5 /* XCRemoteSwiftPackageReference "firebase-ios-sdk" */;
			productName = FirebaseDynamicLinks;
		};
		639DB6422AC10E44002692E5 /* FirebaseFirestore */ = {
			isa = XCSwiftPackageProductDependency;
			package = 639DB6292AC10E44002692E5 /* XCRemoteSwiftPackageReference "firebase-ios-sdk" */;
			productName = FirebaseFirestore;
		};
		639DB6442AC10E44002692E5 /* FirebaseFirestoreCombine-Community */ = {
			isa = XCSwiftPackageProductDependency;
			package = 639DB6292AC10E44002692E5 /* XCRemoteSwiftPackageReference "firebase-ios-sdk" */;
			productName = "FirebaseFirestoreCombine-Community";
		};
		639DB6462AC10E44002692E5 /* FirebaseFirestoreSwift */ = {
			isa = XCSwiftPackageProductDependency;
			package = 639DB6292AC10E44002692E5 /* XCRemoteSwiftPackageReference "firebase-ios-sdk" */;
			productName = FirebaseFirestoreSwift;
		};
		639DB6482AC10E44002692E5 /* FirebaseFunctions */ = {
			isa = XCSwiftPackageProductDependency;
			package = 639DB6292AC10E44002692E5 /* XCRemoteSwiftPackageReference "firebase-ios-sdk" */;
			productName = FirebaseFunctions;
		};
		639DB64A2AC10E44002692E5 /* FirebaseFunctionsCombine-Community */ = {
			isa = XCSwiftPackageProductDependency;
			package = 639DB6292AC10E44002692E5 /* XCRemoteSwiftPackageReference "firebase-ios-sdk" */;
			productName = "FirebaseFunctionsCombine-Community";
		};
		639DB64C2AC10E44002692E5 /* FirebaseInAppMessaging-Beta */ = {
			isa = XCSwiftPackageProductDependency;
			package = 639DB6292AC10E44002692E5 /* XCRemoteSwiftPackageReference "firebase-ios-sdk" */;
			productName = "FirebaseInAppMessaging-Beta";
		};
		639DB64E2AC10E44002692E5 /* FirebaseInAppMessagingSwift-Beta */ = {
			isa = XCSwiftPackageProductDependency;
			package = 639DB6292AC10E44002692E5 /* XCRemoteSwiftPackageReference "firebase-ios-sdk" */;
			productName = "FirebaseInAppMessagingSwift-Beta";
		};
		639DB6502AC10E44002692E5 /* FirebaseInstallations */ = {
			isa = XCSwiftPackageProductDependency;
			package = 639DB6292AC10E44002692E5 /* XCRemoteSwiftPackageReference "firebase-ios-sdk" */;
			productName = FirebaseInstallations;
		};
		639DB6522AC10E44002692E5 /* FirebaseMLModelDownloader */ = {
			isa = XCSwiftPackageProductDependency;
			package = 639DB6292AC10E44002692E5 /* XCRemoteSwiftPackageReference "firebase-ios-sdk" */;
			productName = FirebaseMLModelDownloader;
		};
		639DB6542AC10E44002692E5 /* FirebaseMessaging */ = {
			isa = XCSwiftPackageProductDependency;
			package = 639DB6292AC10E44002692E5 /* XCRemoteSwiftPackageReference "firebase-ios-sdk" */;
			productName = FirebaseMessaging;
		};
		639DB6562AC10E44002692E5 /* FirebasePerformance */ = {
			isa = XCSwiftPackageProductDependency;
			package = 639DB6292AC10E44002692E5 /* XCRemoteSwiftPackageReference "firebase-ios-sdk" */;
			productName = FirebasePerformance;
		};
		639DB6582AC10E44002692E5 /* FirebaseRemoteConfig */ = {
			isa = XCSwiftPackageProductDependency;
			package = 639DB6292AC10E44002692E5 /* XCRemoteSwiftPackageReference "firebase-ios-sdk" */;
			productName = FirebaseRemoteConfig;
		};
		639DB65A2AC10E44002692E5 /* FirebaseRemoteConfigSwift */ = {
			isa = XCSwiftPackageProductDependency;
			package = 639DB6292AC10E44002692E5 /* XCRemoteSwiftPackageReference "firebase-ios-sdk" */;
			productName = FirebaseRemoteConfigSwift;
		};
		639DB65C2AC10E44002692E5 /* FirebaseStorage */ = {
			isa = XCSwiftPackageProductDependency;
			package = 639DB6292AC10E44002692E5 /* XCRemoteSwiftPackageReference "firebase-ios-sdk" */;
			productName = FirebaseStorage;
		};
		639DB65E2AC10E44002692E5 /* FirebaseStorageCombine-Community */ = {
			isa = XCSwiftPackageProductDependency;
			package = 639DB6292AC10E44002692E5 /* XCRemoteSwiftPackageReference "firebase-ios-sdk" */;
			productName = "FirebaseStorageCombine-Community";
		};
/* End XCSwiftPackageProductDependency section */
	};
	rootObject = 63CD89A52ABD85C300E70A56 /* Project object */;
}
